PODS:
  - SwiftLint (0.52.1)
  - TFSChatTransport (3.1.0)

DEPENDENCIES:
  - SwiftLint
  - TFSChatTransport

SPEC REPOS:
  trunk:
    - SwiftLint
    - TFSChatTransport

SPEC CHECKSUMS:
  SwiftLint: 437c13044ba689c96b37c66f7c646f46efba7176
  TFSChatTransport: bc49159a7d95dd50a8db108f69e390cfddae92a1

PODFILE CHECKSUM: 4c59f24a9409ff83aabcb9806e6f589cfdd68699

COCOAPODS: 1.12.0
