// !$*UTF8*$!
{
	archiveVersion = 1;
	classes = {
	};
	objectVersion = 56;
	objects = {

/* Begin PBXBuildFile section */
		CD05BB7429B4D31800B77E86 /* ConversationsListViewController.swift in Sources */ = {isa = PBXBuildFile; fileRef = CD05BB7329B4D31800B77E86 /* ConversationsListViewController.swift */; };
		CD05BB7829B4D78A00B77E86 /* AvatarView.swift in Sources */ = {isa = PBXBuildFile; fileRef = CD05BB7729B4D78A00B77E86 /* AvatarView.swift */; };
		CD05BB7A29B50FE600B77E86 /* ConversationsTableViewCell.swift in Sources */ = {isa = PBXBuildFile; fileRef = CD05BB7929B50FE600B77E86 /* ConversationsTableViewCell.swift */; };
		CD05BB7D29B6592400B77E86 /* models.swift in Sources */ = {isa = PBXBuildFile; fileRef = CD05BB7C29B6592400B77E86 /* models.swift */; };
		CD05BB7F29B6593100B77E86 /* protocols.swift in Sources */ = {isa = PBXBuildFile; fileRef = CD05BB7E29B6593100B77E86 /* protocols.swift */; };
		CDAE911C29A3996C002F2452 /* AppDelegate.swift in Sources */ = {isa = PBXBuildFile; fileRef = CDAE911B29A3996C002F2452 /* AppDelegate.swift */; };
		CDAE912329A3996C002F2452 /* Main.storyboard in Resources */ = {isa = PBXBuildFile; fileRef = CDAE912129A3996C002F2452 /* Main.storyboard */; };
		CDAE912529A3996D002F2452 /* Assets.xcassets in Resources */ = {isa = PBXBuildFile; fileRef = CDAE912429A3996D002F2452 /* Assets.xcassets */; };
		CDAE912829A3996D002F2452 /* LaunchScreen.storyboard in Resources */ = {isa = PBXBuildFile; fileRef = CDAE912629A3996D002F2452 /* LaunchScreen.storyboard */; };
		CDDDAFCA29AD11D2006ED745 /* ProfileViewController.swift in Sources */ = {isa = PBXBuildFile; fileRef = CDDDAFC929AD11D2006ED745 /* ProfileViewController.swift */; };
/* End PBXBuildFile section */

/* Begin PBXFileReference section */
		CD05BB7329B4D31800B77E86 /* ConversationsListViewController.swift */ = {isa = PBXFileReference; lastKnownFileType = sourcecode.swift; path = ConversationsListViewController.swift; sourceTree = "<group>"; };
		CD05BB7729B4D78A00B77E86 /* AvatarView.swift */ = {isa = PBXFileReference; lastKnownFileType = sourcecode.swift; path = AvatarView.swift; sourceTree = "<group>"; };
		CD05BB7929B50FE600B77E86 /* ConversationsTableViewCell.swift */ = {isa = PBXFileReference; lastKnownFileType = sourcecode.swift; path = ConversationsTableViewCell.swift; sourceTree = "<group>"; };
		CD05BB7C29B6592400B77E86 /* models.swift */ = {isa = PBXFileReference; lastKnownFileType = sourcecode.swift; path = models.swift; sourceTree = "<group>"; };
		CD05BB7E29B6593100B77E86 /* protocols.swift */ = {isa = PBXFileReference; lastKnownFileType = sourcecode.swift; path = protocols.swift; sourceTree = "<group>"; };
		CDAE911829A3996C002F2452 /* ChatApp.app */ = {isa = PBXFileReference; explicitFileType = wrapper.application; includeInIndex = 0; path = ChatApp.app; sourceTree = BUILT_PRODUCTS_DIR; };
		CDAE911B29A3996C002F2452 /* AppDelegate.swift */ = {isa = PBXFileReference; lastKnownFileType = sourcecode.swift; path = AppDelegate.swift; sourceTree = "<group>"; };
		CDAE912229A3996C002F2452 /* Base */ = {isa = PBXFileReference; lastKnownFileType = file.storyboard; name = Base; path = Base.lproj/Main.storyboard; sourceTree = "<group>"; };
		CDAE912429A3996D002F2452 /* Assets.xcassets */ = {isa = PBXFileReference; lastKnownFileType = folder.assetcatalog; path = Assets.xcassets; sourceTree = "<group>"; };
		CDAE912729A3996D002F2452 /* Base */ = {isa = PBXFileReference; lastKnownFileType = file.storyboard; name = Base; path = Base.lproj/LaunchScreen.storyboard; sourceTree = "<group>"; };
		CDAE912929A3996D002F2452 /* Info.plist */ = {isa = PBXFileReference; lastKnownFileType = text.plist.xml; path = Info.plist; sourceTree = "<group>"; };
		CDDDAFC929AD11D2006ED745 /* ProfileViewController.swift */ = {isa = PBXFileReference; lastKnownFileType = sourcecode.swift; path = ProfileViewController.swift; sourceTree = "<group>"; };
/* End PBXFileReference section */

/* Begin PBXFrameworksBuildPhase section */
		CDAE911529A3996C002F2452 /* Frameworks */ = {
			isa = PBXFrameworksBuildPhase;
			buildActionMask = 2147483647;
			files = (
			);
			runOnlyForDeploymentPostprocessing = 0;
		};
/* End PBXFrameworksBuildPhase section */

/* Begin PBXGroup section */
		CD05BB7529B4D74100B77E86 /* Views */ = {
			isa = PBXGroup;
			children = (
				CDDDAFC929AD11D2006ED745 /* ProfileViewController.swift */,
				CD05BB7329B4D31800B77E86 /* ConversationsListViewController.swift */,
			);
			path = Views;
			sourceTree = "<group>";
		};
		CD05BB7629B4D76000B77E86 /* UIElements */ = {
			isa = PBXGroup;
			children = (
				CD05BB7729B4D78A00B77E86 /* AvatarView.swift */,
				CD05BB7929B50FE600B77E86 /* ConversationsTableViewCell.swift */,
			);
			path = UIElements;
			sourceTree = "<group>";
		};
		CD05BB8029B6620600B77E86 /* utils */ = {
			isa = PBXGroup;
			children = (
				CD05BB7C29B6592400B77E86 /* models.swift */,
				CD05BB7E29B6593100B77E86 /* protocols.swift */,
			);
			path = utils;
			sourceTree = "<group>";
		};
		CDAE910F29A3996C002F2452 = {
			isa = PBXGroup;
			children = (
				CDAE911A29A3996C002F2452 /* ChatApp */,
				CDAE911929A3996C002F2452 /* Products */,
			);
			sourceTree = "<group>";
		};
		CDAE911929A3996C002F2452 /* Products */ = {
			isa = PBXGroup;
			children = (
				CDAE911829A3996C002F2452 /* ChatApp.app */,
			);
			name = Products;
			sourceTree = "<group>";
		};
		CDAE911A29A3996C002F2452 /* ChatApp */ = {
			isa = PBXGroup;
			children = (
				CD05BB7529B4D74100B77E86 /* Views */,
				CD05BB7629B4D76000B77E86 /* UIElements */,
				CD05BB8029B6620600B77E86 /* utils */,
				CDAE911B29A3996C002F2452 /* AppDelegate.swift */,
				CDAE912129A3996C002F2452 /* Main.storyboard */,
				CDAE912429A3996D002F2452 /* Assets.xcassets */,
				CDAE912629A3996D002F2452 /* LaunchScreen.storyboard */,
				CDAE912929A3996D002F2452 /* Info.plist */,
			);
			path = ChatApp;
			sourceTree = "<group>";
		};
/* End PBXGroup section */

/* Begin PBXNativeTarget section */
		CDAE911729A3996C002F2452 /* ChatApp */ = {
			isa = PBXNativeTarget;
			buildConfigurationList = CDAE912C29A3996D002F2452 /* Build configuration list for PBXNativeTarget "ChatApp" */;
			buildPhases = (
				CDAE911429A3996C002F2452 /* Sources */,
				CDAE911529A3996C002F2452 /* Frameworks */,
				CDAE911629A3996C002F2452 /* Resources */,
			);
			buildRules = (
			);
			dependencies = (
			);
			name = ChatApp;
			productName = ChatApp;
			productReference = CDAE911829A3996C002F2452 /* ChatApp.app */;
			productType = "com.apple.product-type.application";
		};
/* End PBXNativeTarget section */

/* Begin PBXProject section */
		CDAE911029A3996C002F2452 /* Project object */ = {
			isa = PBXProject;
			attributes = {
				BuildIndependentTargetsInParallel = 1;
				LastSwiftUpdateCheck = 1400;
				LastUpgradeCheck = 1400;
				TargetAttributes = {
					CDAE911729A3996C002F2452 = {
						CreatedOnToolsVersion = 14.0.1;
					};
				};
			};
			buildConfigurationList = CDAE911329A3996C002F2452 /* Build configuration list for PBXProject "ChatApp" */;
			compatibilityVersion = "Xcode 14.0";
			developmentRegion = en;
			hasScannedForEncodings = 0;
			knownRegions = (
				en,
				Base,
			);
			mainGroup = CDAE910F29A3996C002F2452;
			productRefGroup = CDAE911929A3996C002F2452 /* Products */;
			projectDirPath = "";
			projectRoot = "";
			targets = (
				CDAE911729A3996C002F2452 /* ChatApp */,
			);
		};
/* End PBXProject section */

/* Begin PBXResourcesBuildPhase section */
		CDAE911629A3996C002F2452 /* Resources */ = {
			isa = PBXResourcesBuildPhase;
			buildActionMask = 2147483647;
			files = (
				CDAE912829A3996D002F2452 /* LaunchScreen.storyboard in Resources */,
				CDAE912529A3996D002F2452 /* Assets.xcassets in Resources */,
				CDAE912329A3996C002F2452 /* Main.storyboard in Resources */,
			);
			runOnlyForDeploymentPostprocessing = 0;
		};
/* End PBXResourcesBuildPhase section */

/* Begin PBXSourcesBuildPhase section */
		CDAE911429A3996C002F2452 /* Sources */ = {
			isa = PBXSourcesBuildPhase;
			buildActionMask = 2147483647;
			files = (
				CD05BB7D29B6592400B77E86 /* models.swift in Sources */,
				CD05BB7A29B50FE600B77E86 /* ConversationsTableViewCell.swift in Sources */,
				CDDDAFCA29AD11D2006ED745 /* ProfileViewController.swift in Sources */,
				CD05BB7429B4D31800B77E86 /* ConversationsListViewController.swift in Sources */,
				CD05BB7829B4D78A00B77E86 /* AvatarView.swift in Sources */,
				CDAE911C29A3996C002F2452 /* AppDelegate.swift in Sources */,
				CD05BB7F29B6593100B77E86 /* protocols.swift in Sources */,
			);
			runOnlyForDeploymentPostprocessing = 0;
		};
/* End PBXSourcesBuildPhase section */

/* Begin PBXVariantGroup section */
		CDAE912129A3996C002F2452 /* Main.storyboard */ = {
			isa = PBXVariantGroup;
			children = (
				CDAE912229A3996C002F2452 /* Base */,
			);
			name = Main.storyboard;
			sourceTree = "<group>";
		};
		CDAE912629A3996D002F2452 /* LaunchScreen.storyboard */ = {
			isa = PBXVariantGroup;
			children = (
				CDAE912729A3996D002F2452 /* Base */,
			);
			name = LaunchScreen.storyboard;
			sourceTree = "<group>";
		};
/* End PBXVariantGroup section */

/* Begin XCBuildConfiguration section */
		CDAE912A29A3996D002F2452 /* Debug */ = {
			isa = XCBuildConfiguration;
			buildSettings = {
				ALWAYS_SEARCH_USER_PATHS = NO;
				CLANG_ANALYZER_NONNULL = YES;
				CLANG_ANALYZER_NUMBER_OBJECT_CONVERSION = YES_AGGRESSIVE;
				CLANG_CXX_LANGUAGE_STANDARD = "gnu++20";
				CLANG_ENABLE_MODULES = YES;
				CLANG_ENABLE_OBJC_ARC = YES;
				CLANG_ENABLE_OBJC_WEAK = YES;
				CLANG_WARN_BLOCK_CAPTURE_AUTORELEASING = YES;
				CLANG_WARN_BOOL_CONVERSION = YES;
				CLANG_WARN_COMMA = YES;
				CLANG_WARN_CONSTANT_CONVERSION = YES;
				CLANG_WARN_DEPRECATED_OBJC_IMPLEMENTATIONS = YES;
				CLANG_WARN_DIRECT_OBJC_ISA_USAGE = YES_ERROR;
				CLANG_WARN_DOCUMENTATION_COMMENTS = YES;
				CLANG_WARN_EMPTY_BODY = YES;
				CLANG_WARN_ENUM_CONVERSION = YES;
				CLANG_WARN_INFINITE_RECURSION = YES;
				CLANG_WARN_INT_CONVERSION = YES;
				CLANG_WARN_NON_LITERAL_NULL_CONVERSION = YES;
				CLANG_WARN_OBJC_IMPLICIT_RETAIN_SELF = YES;
				CLANG_WARN_OBJC_LITERAL_CONVERSION = YES;
				CLANG_WARN_OBJC_ROOT_CLASS = YES_ERROR;
				CLANG_WARN_QUOTED_INCLUDE_IN_FRAMEWORK_HEADER = YES;
				CLANG_WARN_RANGE_LOOP_ANALYSIS = YES;
				CLANG_WARN_STRICT_PROTOTYPES = YES;
				CLANG_WARN_SUSPICIOUS_MOVE = YES;
				CLANG_WARN_UNGUARDED_AVAILABILITY = YES_AGGRESSIVE;
				CLANG_WARN_UNREACHABLE_CODE = YES;
				CLANG_WARN__DUPLICATE_METHOD_MATCH = YES;
				COPY_PHASE_STRIP = NO;
				DEBUG_INFORMATION_FORMAT = dwarf;
				ENABLE_STRICT_OBJC_MSGSEND = YES;
				ENABLE_TESTABILITY = YES;
				GCC_C_LANGUAGE_STANDARD = gnu11;
				GCC_DYNAMIC_NO_PIC = NO;
				GCC_NO_COMMON_BLOCKS = YES;
				GCC_OPTIMIZATION_LEVEL = 0;
				GCC_PREPROCESSOR_DEFINITIONS = (
					"DEBUG=1",
					"$(inherited)",
				);
				GCC_WARN_64_TO_32_BIT_CONVERSION = YES;
				GCC_WARN_ABOUT_RETURN_TYPE = YES_ERROR;
				GCC_WARN_UNDECLARED_SELECTOR = YES;
				GCC_WARN_UNINITIALIZED_AUTOS = YES_AGGRESSIVE;
				GCC_WARN_UNUSED_FUNCTION = YES;
				GCC_WARN_UNUSED_VARIABLE = YES;
				IPHONEOS_DEPLOYMENT_TARGET = 14.0;
				MTL_ENABLE_DEBUG_INFO = INCLUDE_SOURCE;
				MTL_FAST_MATH = YES;
				ONLY_ACTIVE_ARCH = YES;
				SDKROOT = iphoneos;
				SWIFT_ACTIVE_COMPILATION_CONDITIONS = DEBUG;
				SWIFT_OPTIMIZATION_LEVEL = "-Onone";
			};
			name = Debug;
		};
		CDAE912B29A3996D002F2452 /* Release */ = {
			isa = XCBuildConfiguration;
			buildSettings = {
				ALWAYS_SEARCH_USER_PATHS = NO;
				CLANG_ANALYZER_NONNULL = YES;
				CLANG_ANALYZER_NUMBER_OBJECT_CONVERSION = YES_AGGRESSIVE;
				CLANG_CXX_LANGUAGE_STANDARD = "gnu++20";
				CLANG_ENABLE_MODULES = YES;
				CLANG_ENABLE_OBJC_ARC = YES;
				CLANG_ENABLE_OBJC_WEAK = YES;
				CLANG_WARN_BLOCK_CAPTURE_AUTORELEASING = YES;
				CLANG_WARN_BOOL_CONVERSION = YES;
				CLANG_WARN_COMMA = YES;
				CLANG_WARN_CONSTANT_CONVERSION = YES;
				CLANG_WARN_DEPRECATED_OBJC_IMPLEMENTATIONS = YES;
				CLANG_WARN_DIRECT_OBJC_ISA_USAGE = YES_ERROR;
				CLANG_WARN_DOCUMENTATION_COMMENTS = YES;
				CLANG_WARN_EMPTY_BODY = YES;
				CLANG_WARN_ENUM_CONVERSION = YES;
				CLANG_WARN_INFINITE_RECURSION = YES;
				CLANG_WARN_INT_CONVERSION = YES;
				CLANG_WARN_NON_LITERAL_NULL_CONVERSION = YES;
				CLANG_WARN_OBJC_IMPLICIT_RETAIN_SELF = YES;
				CLANG_WARN_OBJC_LITERAL_CONVERSION = YES;
				CLANG_WARN_OBJC_ROOT_CLASS = YES_ERROR;
				CLANG_WARN_QUOTED_INCLUDE_IN_FRAMEWORK_HEADER = YES;
				CLANG_WARN_RANGE_LOOP_ANALYSIS = YES;
				CLANG_WARN_STRICT_PROTOTYPES = YES;
				CLANG_WARN_SUSPICIOUS_MOVE = YES;
				CLANG_WARN_UNGUARDED_AVAILABILITY = YES_AGGRESSIVE;
				CLANG_WARN_UNREACHABLE_CODE = YES;
				CLANG_WARN__DUPLICATE_METHOD_MATCH = YES;
				COPY_PHASE_STRIP = NO;
				DEBUG_INFORMATION_FORMAT = "dwarf-with-dsym";
				ENABLE_NS_ASSERTIONS = NO;
				ENABLE_STRICT_OBJC_MSGSEND = YES;
				GCC_C_LANGUAGE_STANDARD = gnu11;
				GCC_NO_COMMON_BLOCKS = YES;
				GCC_WARN_64_TO_32_BIT_CONVERSION = YES;
				GCC_WARN_ABOUT_RETURN_TYPE = YES_ERROR;
				GCC_WARN_UNDECLARED_SELECTOR = YES;
				GCC_WARN_UNINITIALIZED_AUTOS = YES_AGGRESSIVE;
				GCC_WARN_UNUSED_FUNCTION = YES;
				GCC_WARN_UNUSED_VARIABLE = YES;
				IPHONEOS_DEPLOYMENT_TARGET = 14.0;
				MTL_ENABLE_DEBUG_INFO = NO;
				MTL_FAST_MATH = YES;
				SDKROOT = iphoneos;
				SWIFT_COMPILATION_MODE = wholemodule;
				SWIFT_OPTIMIZATION_LEVEL = "-O";
				VALIDATE_PRODUCT = YES;
			};
			name = Release;
		};
		CDAE912D29A3996D002F2452 /* Debug */ = {
			isa = XCBuildConfiguration;
			buildSettings = {
				ASSETCATALOG_COMPILER_APPICON_NAME = AppIcon;
				ASSETCATALOG_COMPILER_GLOBAL_ACCENT_COLOR_NAME = AccentColor;
				CODE_SIGN_STYLE = Automatic;
				CURRENT_PROJECT_VERSION = 1;
				DEVELOPMENT_TEAM = 5L2PK7Z938;
				GENERATE_INFOPLIST_FILE = YES;
				INFOPLIST_FILE = ChatApp/Info.plist;
				INFOPLIST_KEY_NSCameraUsageDescription = "This app wants to take pictures.";
				INFOPLIST_KEY_NSPhotoLibraryUsageDescription = "This app wants to use your photos.";
				INFOPLIST_KEY_UIApplicationSupportsIndirectInputEvents = YES;
				INFOPLIST_KEY_UILaunchStoryboardName = LaunchScreen;
				INFOPLIST_KEY_UIMainStoryboardFile = Main;
				INFOPLIST_KEY_UISupportedInterfaceOrientations = UIInterfaceOrientationPortrait;
				INFOPLIST_KEY_UISupportedInterfaceOrientations_iPad = "UIInterfaceOrientationLandscapeLeft UIInterfaceOrientationLandscapeRight UIInterfaceOrientationPortrait UIInterfaceOrientationPortraitUpsideDown";
				IPHONEOS_DEPLOYMENT_TARGET = 14.0;
				LD_RUNPATH_SEARCH_PATHS = (
					"$(inherited)",
					"@executable_path/Frameworks",
				);
				MARKETING_VERSION = 1.0;
				PRODUCT_BUNDLE_IDENTIFIER = com.panda.ChatApp;
				PRODUCT_NAME = "$(TARGET_NAME)";
				SUPPORTED_PLATFORMS = "iphoneos iphonesimulator";
				SUPPORTS_MACCATALYST = NO;
				SUPPORTS_MAC_DESIGNED_FOR_IPHONE_IPAD = YES;
				SWIFT_EMIT_LOC_STRINGS = YES;
				SWIFT_VERSION = 5.0;
				TARGETED_DEVICE_FAMILY = 1;
			};
			name = Debug;
		};
		CDAE912E29A3996D002F2452 /* Release */ = {
			isa = XCBuildConfiguration;
			buildSettings = {
				ASSETCATALOG_COMPILER_APPICON_NAME = AppIcon;
				ASSETCATALOG_COMPILER_GLOBAL_ACCENT_COLOR_NAME = AccentColor;
				CODE_SIGN_STYLE = Automatic;
				CURRENT_PROJECT_VERSION = 1;
				DEVELOPMENT_TEAM = 5L2PK7Z938;
				GENERATE_INFOPLIST_FILE = YES;
				INFOPLIST_FILE = ChatApp/Info.plist;
				INFOPLIST_KEY_NSCameraUsageDescription = "This app wants to take pictures.";
				INFOPLIST_KEY_NSPhotoLibraryUsageDescription = "This app wants to use your photos.";
				INFOPLIST_KEY_UIApplicationSupportsIndirectInputEvents = YES;
				INFOPLIST_KEY_UILaunchStoryboardName = LaunchScreen;
				INFOPLIST_KEY_UIMainStoryboardFile = Main;
				INFOPLIST_KEY_UISupportedInterfaceOrientations = UIInterfaceOrientationPortrait;
				INFOPLIST_KEY_UISupportedInterfaceOrientations_iPad = "UIInterfaceOrientationLandscapeLeft UIInterfaceOrientationLandscapeRight UIInterfaceOrientationPortrait UIInterfaceOrientationPortraitUpsideDown";
				IPHONEOS_DEPLOYMENT_TARGET = 14.0;
				LD_RUNPATH_SEARCH_PATHS = (
					"$(inherited)",
					"@executable_path/Frameworks",
				);
				MARKETING_VERSION = 1.0;
				PRODUCT_BUNDLE_IDENTIFIER = com.panda.ChatApp;
				PRODUCT_NAME = "$(TARGET_NAME)";
				SUPPORTED_PLATFORMS = "iphoneos iphonesimulator";
				SUPPORTS_MACCATALYST = NO;
				SUPPORTS_MAC_DESIGNED_FOR_IPHONE_IPAD = YES;
				SWIFT_EMIT_LOC_STRINGS = YES;
				SWIFT_VERSION = 5.0;
				TARGETED_DEVICE_FAMILY = 1;
			};
			name = Release;
		};
/* End XCBuildConfiguration section */

/* Begin XCConfigurationList section */
		CDAE911329A3996C002F2452 /* Build configuration list for PBXProject "ChatApp" */ = {
			isa = XCConfigurationList;
			buildConfigurations = (
				CDAE912A29A3996D002F2452 /* Debug */,
				CDAE912B29A3996D002F2452 /* Release */,
			);
			defaultConfigurationIsVisible = 0;
			defaultConfigurationName = Release;
		};
		CDAE912C29A3996D002F2452 /* Build configuration list for PBXNativeTarget "ChatApp" */ = {
			isa = XCConfigurationList;
			buildConfigurations = (
				CDAE912D29A3996D002F2452 /* Debug */,
				CDAE912E29A3996D002F2452 /* Release */,
			);
			defaultConfigurationIsVisible = 0;
			defaultConfigurationName = Release;
		};
/* End XCConfigurationList section */
	};
	rootObject = CDAE911029A3996C002F2452 /* Project object */;
}
