// !$*UTF8*$!
{
	archiveVersion = 1;
	classes = {
	};
	objectVersion = 56;
	objects = {

/* Begin PBXBuildFile section */
		737B136ED05CEA32B05AB1D1 /* Pods_ChatApp.framework in Frameworks */ = {isa = PBXBuildFile; fileRef = 42FACFAD6CB83B57DE961096 /* Pods_ChatApp.framework */; };
		CD05BB7429B4D31800B77E86 /* ChannelsListViewController.swift in Sources */ = {isa = PBXBuildFile; fileRef = CD05BB7329B4D31800B77E86 /* ChannelsListViewController.swift */; };
		CD05BB7829B4D78A00B77E86 /* AvatarView.swift in Sources */ = {isa = PBXBuildFile; fileRef = CD05BB7729B4D78A00B77E86 /* AvatarView.swift */; };
		CD05BB7A29B50FE600B77E86 /* ChannelsListTableViewCell.swift in Sources */ = {isa = PBXBuildFile; fileRef = CD05BB7929B50FE600B77E86 /* ChannelsListTableViewCell.swift */; };
		CD18576429EED76B0085F3E0 /* SettingsModuleAssembly.swift in Sources */ = {isa = PBXBuildFile; fileRef = CD18576329EED76B0085F3E0 /* SettingsModuleAssembly.swift */; };
		CD18577229EED8970085F3E0 /* ChannelsListModuleAssembly.swift in Sources */ = {isa = PBXBuildFile; fileRef = CD18577129EED8970085F3E0 /* ChannelsListModuleAssembly.swift */; };
		CD18577429EED8A40085F3E0 /* ChatModuleAssembly.swift in Sources */ = {isa = PBXBuildFile; fileRef = CD18577329EED8A40085F3E0 /* ChatModuleAssembly.swift */; };
		CD18577629EED8B70085F3E0 /* ProfileModuleAssembly.swift in Sources */ = {isa = PBXBuildFile; fileRef = CD18577529EED8B70085F3E0 /* ProfileModuleAssembly.swift */; };
		CD18577A29EEDB1F0085F3E0 /* ChannelsListPresenter.swift in Sources */ = {isa = PBXBuildFile; fileRef = CD18577929EEDB1F0085F3E0 /* ChannelsListPresenter.swift */; };
		CD18577C29EEDB460085F3E0 /* ChatPresenter.swift in Sources */ = {isa = PBXBuildFile; fileRef = CD18577B29EEDB460085F3E0 /* ChatPresenter.swift */; };
		CD18577E29EEDB640085F3E0 /* ProfilePresenter.swift in Sources */ = {isa = PBXBuildFile; fileRef = CD18577D29EEDB640085F3E0 /* ProfilePresenter.swift */; };
		CD18578029EEE2DF0085F3E0 /* profileViewProtocols.swift in Sources */ = {isa = PBXBuildFile; fileRef = CD18577F29EEE2DF0085F3E0 /* profileViewProtocols.swift */; };
		CD18578229EEE3CE0085F3E0 /* сhannelsListViewProtocols.swift in Sources */ = {isa = PBXBuildFile; fileRef = CD18578129EEE3CE0085F3E0 /* сhannelsListViewProtocols.swift */; };
		CD18578429EEE4440085F3E0 /* chatViewProtocols.swift in Sources */ = {isa = PBXBuildFile; fileRef = CD18578329EEE4440085F3E0 /* chatViewProtocols.swift */; };
		CD18578A29F075960085F3E0 /* profileViewAlertType.swift in Sources */ = {isa = PBXBuildFile; fileRef = CD18578929F075960085F3E0 /* profileViewAlertType.swift */; };
		CD306F8929FC3B6600A616F4 /* ChatEvent.swift in Sources */ = {isa = PBXBuildFile; fileRef = CD306F8829FC3B6600A616F4 /* ChatEvent.swift */; };
		CD44892D29F1CE8300694AC0 /* ThemeButton.swift in Sources */ = {isa = PBXBuildFile; fileRef = CD44892C29F1CE8300694AC0 /* ThemeButton.swift */; };
		CD44892F29F1CF2300694AC0 /* ThemeTapGestureRecognizer.swift in Sources */ = {isa = PBXBuildFile; fileRef = CD44892E29F1CF2300694AC0 /* ThemeTapGestureRecognizer.swift */; };
		CD44893229F1CFA300694AC0 /* ConfigurableViewProtocol.swift in Sources */ = {isa = PBXBuildFile; fileRef = CD44893129F1CFA300694AC0 /* ConfigurableViewProtocol.swift */; };
		CD44893529F1D02600694AC0 /* AvatarModel.swift in Sources */ = {isa = PBXBuildFile; fileRef = CD44893429F1D02600694AC0 /* AvatarModel.swift */; };
		CD44893829F1D07600694AC0 /* AvatarImage.swift in Sources */ = {isa = PBXBuildFile; fileRef = CD44893729F1D07600694AC0 /* AvatarImage.swift */; };
		CD44893A29F1D0A600694AC0 /* UserProfileViewModel.swift in Sources */ = {isa = PBXBuildFile; fileRef = CD44893929F1D0A600694AC0 /* UserProfileViewModel.swift */; };
		CD44893D29F1D11700694AC0 /* ChannelItem.swift in Sources */ = {isa = PBXBuildFile; fileRef = CD44893C29F1D11700694AC0 /* ChannelItem.swift */; };
		CD44893F29F1D14200694AC0 /* ChannelCellModel.swift in Sources */ = {isa = PBXBuildFile; fileRef = CD44893E29F1D14200694AC0 /* ChannelCellModel.swift */; };
		CD44894329F1D18A00694AC0 /* MessageSection.swift in Sources */ = {isa = PBXBuildFile; fileRef = CD44894229F1D18A00694AC0 /* MessageSection.swift */; };
		CD44894529F1D19D00694AC0 /* MessageItem.swift in Sources */ = {isa = PBXBuildFile; fileRef = CD44894429F1D19D00694AC0 /* MessageItem.swift */; };
		CD44894729F1D1C300694AC0 /* MessageCellModel.swift in Sources */ = {isa = PBXBuildFile; fileRef = CD44894629F1D1C300694AC0 /* MessageCellModel.swift */; };
		CD44894A29F1D2AB00694AC0 /* ChannelServiceError.swift in Sources */ = {isa = PBXBuildFile; fileRef = CD44894929F1D2AB00694AC0 /* ChannelServiceError.swift */; };
		CD44894C29F1D2DA00694AC0 /* ChannelServiceProtocol.swift in Sources */ = {isa = PBXBuildFile; fileRef = CD44894B29F1D2DA00694AC0 /* ChannelServiceProtocol.swift */; };
		CD44894F29F1DA1A00694AC0 /* ChannelsDataSourceProtocol.swift in Sources */ = {isa = PBXBuildFile; fileRef = CD44894E29F1DA1A00694AC0 /* ChannelsDataSourceProtocol.swift */; };
		CD44895229F1DC2200694AC0 /* CombineServiceError.swift in Sources */ = {isa = PBXBuildFile; fileRef = CD44895129F1DC2200694AC0 /* CombineServiceError.swift */; };
		CD44895429F1DC3B00694AC0 /* CombineServiceProtocol.swift in Sources */ = {isa = PBXBuildFile; fileRef = CD44895329F1DC3B00694AC0 /* CombineServiceProtocol.swift */; };
		CD44895729F1DE6700694AC0 /* CoreDataServiceProtocol.swift in Sources */ = {isa = PBXBuildFile; fileRef = CD44895629F1DE6700694AC0 /* CoreDataServiceProtocol.swift */; };
		CD44B38429F199EF005A5641 /* ThemesService.swift in Sources */ = {isa = PBXBuildFile; fileRef = CD44B38329F199EF005A5641 /* ThemesService.swift */; };
		CD44B38629F19A0D005A5641 /* themesServiceProtocols.swift in Sources */ = {isa = PBXBuildFile; fileRef = CD44B38529F19A0D005A5641 /* themesServiceProtocols.swift */; };
		CD4F2EEB29B76FB300E0DB4D /* ChatViewController.swift in Sources */ = {isa = PBXBuildFile; fileRef = CD4F2EEA29B76FB300E0DB4D /* ChatViewController.swift */; };
		CD4F2EED29B7B6DB00E0DB4D /* CustomNavigationBar.swift in Sources */ = {isa = PBXBuildFile; fileRef = CD4F2EEC29B7B6DB00E0DB4D /* CustomNavigationBar.swift */; };
		CD4F2EEF29B8895200E0DB4D /* ChatTableViewCell.swift in Sources */ = {isa = PBXBuildFile; fileRef = CD4F2EEE29B8895200E0DB4D /* ChatTableViewCell.swift */; };
		CD88C0CD29DE043300F2BC56 /* CombineService.swift in Sources */ = {isa = PBXBuildFile; fileRef = CD88C0CC29DE043300F2BC56 /* CombineService.swift */; };
		CD88C0D029E4541F00F2BC56 /* .swiftlint.yml in Resources */ = {isa = PBXBuildFile; fileRef = CD88C0CF29E4541F00F2BC56 /* .swiftlint.yml */; };
		CD88C0D229E4CDB400F2BC56 /* TabBarViewController.swift in Sources */ = {isa = PBXBuildFile; fileRef = CD88C0D129E4CDB400F2BC56 /* TabBarViewController.swift */; };
		CD88C0D429E6AA8C00F2BC56 /* ChannelService.swift in Sources */ = {isa = PBXBuildFile; fileRef = CD88C0D329E6AA8C00F2BC56 /* ChannelService.swift */; };
		CD88C0D729E8917500F2BC56 /* ChannelsDataModel.xcdatamodeld in Sources */ = {isa = PBXBuildFile; fileRef = CD88C0D529E8917500F2BC56 /* ChannelsDataModel.xcdatamodeld */; };
		CD88C0D929E892D000F2BC56 /* CoreDataService.swift in Sources */ = {isa = PBXBuildFile; fileRef = CD88C0D829E892D000F2BC56 /* CoreDataService.swift */; };
		CD88C0DB29E896BE00F2BC56 /* ChannelsDataSource.swift in Sources */ = {isa = PBXBuildFile; fileRef = CD88C0DA29E896BE00F2BC56 /* ChannelsDataSource.swift */; };
		CD97B39129C0744C008DF3FC /* SettingsViewController.swift in Sources */ = {isa = PBXBuildFile; fileRef = CD97B39029C0744C008DF3FC /* SettingsViewController.swift */; };
		CDA9E2D829F8747600D188B5 /* NetworkPhotosCollectionViewController.swift in Sources */ = {isa = PBXBuildFile; fileRef = CDA9E2D729F8747600D188B5 /* NetworkPhotosCollectionViewController.swift */; };
		CDA9E2DB29F9B36B00D188B5 /* NetworkPhotosCollectionPresenter.swift in Sources */ = {isa = PBXBuildFile; fileRef = CDA9E2DA29F9B36B00D188B5 /* NetworkPhotosCollectionPresenter.swift */; };
		CDA9E2DD29F9B39400D188B5 /* networkPhotosCollectionViewProtocols.swift in Sources */ = {isa = PBXBuildFile; fileRef = CDA9E2DC29F9B39400D188B5 /* networkPhotosCollectionViewProtocols.swift */; };
		CDA9E2DF29F9B46C00D188B5 /* NetworkPhotosCollectionModuleAssembly.swift in Sources */ = {isa = PBXBuildFile; fileRef = CDA9E2DE29F9B46C00D188B5 /* NetworkPhotosCollectionModuleAssembly.swift */; };
		CDA9E2E129F9D55300D188B5 /* NetworkImage.swift in Sources */ = {isa = PBXBuildFile; fileRef = CDA9E2E029F9D55200D188B5 /* NetworkImage.swift */; };
		CDA9E35729FBDE0E00D188B5 /* PhotosCollectionViewCell.swift in Sources */ = {isa = PBXBuildFile; fileRef = CDA9E35629FBDE0E00D188B5 /* PhotosCollectionViewCell.swift */; };
		CDA9E35A29FBE0E300D188B5 /* UIColor+HexInit.swift in Sources */ = {isa = PBXBuildFile; fileRef = CDA9E35929FBE0E300D188B5 /* UIColor+HexInit.swift */; };
		CDA9E35C29FC150800D188B5 /* NetworkPhotosCollectionPresenterOutput.swift in Sources */ = {isa = PBXBuildFile; fileRef = CDA9E35B29FC150800D188B5 /* NetworkPhotosCollectionPresenterOutput.swift */; };
		CDAE911C29A3996C002F2452 /* AppDelegate.swift in Sources */ = {isa = PBXBuildFile; fileRef = CDAE911B29A3996C002F2452 /* AppDelegate.swift */; };
		CDAE912329A3996C002F2452 /* Main.storyboard in Resources */ = {isa = PBXBuildFile; fileRef = CDAE912129A3996C002F2452 /* Main.storyboard */; };
		CDAE912529A3996D002F2452 /* Assets.xcassets in Resources */ = {isa = PBXBuildFile; fileRef = CDAE912429A3996D002F2452 /* Assets.xcassets */; };
		CDAE912829A3996D002F2452 /* LaunchScreen.storyboard in Resources */ = {isa = PBXBuildFile; fileRef = CDAE912629A3996D002F2452 /* LaunchScreen.storyboard */; };
		CDC3D42B2A0D5C4C001C0FFA /* ChannelServiceTests.swift in Sources */ = {isa = PBXBuildFile; fileRef = CDC3D42A2A0D5C4C001C0FFA /* ChannelServiceTests.swift */; };
		CDC3D42D2A0D5E2C001C0FFA /* ChatServiceProtocol.swift in Sources */ = {isa = PBXBuildFile; fileRef = CDC3D42C2A0D5E2C001C0FFA /* ChatServiceProtocol.swift */; };
		CDC3D42F2A0D6099001C0FFA /* ChatServiceProtocolMock.swift in Sources */ = {isa = PBXBuildFile; fileRef = CDC3D42E2A0D6099001C0FFA /* ChatServiceProtocolMock.swift */; };
		CDC3D4412A0D8B41001C0FFA /* ProfileScreenUITest.swift in Sources */ = {isa = PBXBuildFile; fileRef = CDC3D4402A0D8B41001C0FFA /* ProfileScreenUITest.swift */; };
		CDDDAFCA29AD11D2006ED745 /* ProfileViewController.swift in Sources */ = {isa = PBXBuildFile; fileRef = CDDDAFC929AD11D2006ED745 /* ProfileViewController.swift */; };
/* End PBXBuildFile section */

/* Begin PBXContainerItemProxy section */
		CD7915532A0BC58400CD0E0E /* PBXContainerItemProxy */ = {
			isa = PBXContainerItemProxy;
			containerPortal = CDAE911029A3996C002F2452 /* Project object */;
			proxyType = 1;
			remoteGlobalIDString = CDAE911729A3996C002F2452;
			remoteInfo = ChatApp;
		};
		CDC3D43A2A0D8970001C0FFA /* PBXContainerItemProxy */ = {
			isa = PBXContainerItemProxy;
			containerPortal = CDAE911029A3996C002F2452 /* Project object */;
			proxyType = 1;
			remoteGlobalIDString = CDAE911729A3996C002F2452;
			remoteInfo = ChatApp;
		};
/* End PBXContainerItemProxy section */

/* Begin PBXFileReference section */
		00F4F730291D26FBAA1A10DC /* Pods-ChatApp.debug.xcconfig */ = {isa = PBXFileReference; includeInIndex = 1; lastKnownFileType = text.xcconfig; name = "Pods-ChatApp.debug.xcconfig"; path = "Target Support Files/Pods-ChatApp/Pods-ChatApp.debug.xcconfig"; sourceTree = "<group>"; };
		42FACFAD6CB83B57DE961096 /* Pods_ChatApp.framework */ = {isa = PBXFileReference; explicitFileType = wrapper.framework; includeInIndex = 0; path = Pods_ChatApp.framework; sourceTree = BUILT_PRODUCTS_DIR; };
		4E8643E316DAC2F916B9DA3D /* Pods-ChatApp.release.xcconfig */ = {isa = PBXFileReference; includeInIndex = 1; lastKnownFileType = text.xcconfig; name = "Pods-ChatApp.release.xcconfig"; path = "Target Support Files/Pods-ChatApp/Pods-ChatApp.release.xcconfig"; sourceTree = "<group>"; };
		CD05BB7329B4D31800B77E86 /* ChannelsListViewController.swift */ = {isa = PBXFileReference; lastKnownFileType = sourcecode.swift; path = ChannelsListViewController.swift; sourceTree = "<group>"; };
		CD05BB7729B4D78A00B77E86 /* AvatarView.swift */ = {isa = PBXFileReference; lastKnownFileType = sourcecode.swift; path = AvatarView.swift; sourceTree = "<group>"; };
		CD05BB7929B50FE600B77E86 /* ChannelsListTableViewCell.swift */ = {isa = PBXFileReference; lastKnownFileType = sourcecode.swift; path = ChannelsListTableViewCell.swift; sourceTree = "<group>"; };
		CD18576329EED76B0085F3E0 /* SettingsModuleAssembly.swift */ = {isa = PBXFileReference; lastKnownFileType = sourcecode.swift; path = SettingsModuleAssembly.swift; sourceTree = "<group>"; };
		CD18577129EED8970085F3E0 /* ChannelsListModuleAssembly.swift */ = {isa = PBXFileReference; lastKnownFileType = sourcecode.swift; path = ChannelsListModuleAssembly.swift; sourceTree = "<group>"; };
		CD18577329EED8A40085F3E0 /* ChatModuleAssembly.swift */ = {isa = PBXFileReference; lastKnownFileType = sourcecode.swift; path = ChatModuleAssembly.swift; sourceTree = "<group>"; };
		CD18577529EED8B70085F3E0 /* ProfileModuleAssembly.swift */ = {isa = PBXFileReference; lastKnownFileType = sourcecode.swift; path = ProfileModuleAssembly.swift; sourceTree = "<group>"; };
		CD18577929EEDB1F0085F3E0 /* ChannelsListPresenter.swift */ = {isa = PBXFileReference; lastKnownFileType = sourcecode.swift; path = ChannelsListPresenter.swift; sourceTree = "<group>"; };
		CD18577B29EEDB460085F3E0 /* ChatPresenter.swift */ = {isa = PBXFileReference; lastKnownFileType = sourcecode.swift; path = ChatPresenter.swift; sourceTree = "<group>"; };
		CD18577D29EEDB640085F3E0 /* ProfilePresenter.swift */ = {isa = PBXFileReference; lastKnownFileType = sourcecode.swift; path = ProfilePresenter.swift; sourceTree = "<group>"; };
		CD18577F29EEE2DF0085F3E0 /* profileViewProtocols.swift */ = {isa = PBXFileReference; lastKnownFileType = sourcecode.swift; path = profileViewProtocols.swift; sourceTree = "<group>"; };
		CD18578129EEE3CE0085F3E0 /* сhannelsListViewProtocols.swift */ = {isa = PBXFileReference; lastKnownFileType = sourcecode.swift; path = "сhannelsListViewProtocols.swift"; sourceTree = "<group>"; };
		CD18578329EEE4440085F3E0 /* chatViewProtocols.swift */ = {isa = PBXFileReference; lastKnownFileType = sourcecode.swift; path = chatViewProtocols.swift; sourceTree = "<group>"; };
		CD18578929F075960085F3E0 /* profileViewAlertType.swift */ = {isa = PBXFileReference; lastKnownFileType = sourcecode.swift; path = profileViewAlertType.swift; sourceTree = "<group>"; };
		CD306F8829FC3B6600A616F4 /* ChatEvent.swift */ = {isa = PBXFileReference; lastKnownFileType = sourcecode.swift; path = ChatEvent.swift; sourceTree = "<group>"; };
		CD44892C29F1CE8300694AC0 /* ThemeButton.swift */ = {isa = PBXFileReference; lastKnownFileType = sourcecode.swift; path = ThemeButton.swift; sourceTree = "<group>"; };
		CD44892E29F1CF2300694AC0 /* ThemeTapGestureRecognizer.swift */ = {isa = PBXFileReference; lastKnownFileType = sourcecode.swift; path = ThemeTapGestureRecognizer.swift; sourceTree = "<group>"; };
		CD44893129F1CFA300694AC0 /* ConfigurableViewProtocol.swift */ = {isa = PBXFileReference; lastKnownFileType = sourcecode.swift; path = ConfigurableViewProtocol.swift; sourceTree = "<group>"; };
		CD44893429F1D02600694AC0 /* AvatarModel.swift */ = {isa = PBXFileReference; lastKnownFileType = sourcecode.swift; path = AvatarModel.swift; sourceTree = "<group>"; };
		CD44893729F1D07600694AC0 /* AvatarImage.swift */ = {isa = PBXFileReference; lastKnownFileType = sourcecode.swift; path = AvatarImage.swift; sourceTree = "<group>"; };
		CD44893929F1D0A600694AC0 /* UserProfileViewModel.swift */ = {isa = PBXFileReference; lastKnownFileType = sourcecode.swift; path = UserProfileViewModel.swift; sourceTree = "<group>"; };
		CD44893C29F1D11700694AC0 /* ChannelItem.swift */ = {isa = PBXFileReference; lastKnownFileType = sourcecode.swift; path = ChannelItem.swift; sourceTree = "<group>"; };
		CD44893E29F1D14200694AC0 /* ChannelCellModel.swift */ = {isa = PBXFileReference; lastKnownFileType = sourcecode.swift; path = ChannelCellModel.swift; sourceTree = "<group>"; };
		CD44894229F1D18A00694AC0 /* MessageSection.swift */ = {isa = PBXFileReference; lastKnownFileType = sourcecode.swift; path = MessageSection.swift; sourceTree = "<group>"; };
		CD44894429F1D19D00694AC0 /* MessageItem.swift */ = {isa = PBXFileReference; lastKnownFileType = sourcecode.swift; path = MessageItem.swift; sourceTree = "<group>"; };
		CD44894629F1D1C300694AC0 /* MessageCellModel.swift */ = {isa = PBXFileReference; lastKnownFileType = sourcecode.swift; path = MessageCellModel.swift; sourceTree = "<group>"; };
		CD44894929F1D2AB00694AC0 /* ChannelServiceError.swift */ = {isa = PBXFileReference; lastKnownFileType = sourcecode.swift; path = ChannelServiceError.swift; sourceTree = "<group>"; };
		CD44894B29F1D2DA00694AC0 /* ChannelServiceProtocol.swift */ = {isa = PBXFileReference; lastKnownFileType = sourcecode.swift; path = ChannelServiceProtocol.swift; sourceTree = "<group>"; };
		CD44894E29F1DA1A00694AC0 /* ChannelsDataSourceProtocol.swift */ = {isa = PBXFileReference; lastKnownFileType = sourcecode.swift; path = ChannelsDataSourceProtocol.swift; sourceTree = "<group>"; };
		CD44895129F1DC2200694AC0 /* CombineServiceError.swift */ = {isa = PBXFileReference; lastKnownFileType = sourcecode.swift; path = CombineServiceError.swift; sourceTree = "<group>"; };
		CD44895329F1DC3B00694AC0 /* CombineServiceProtocol.swift */ = {isa = PBXFileReference; lastKnownFileType = sourcecode.swift; path = CombineServiceProtocol.swift; sourceTree = "<group>"; };
		CD44895629F1DE6700694AC0 /* CoreDataServiceProtocol.swift */ = {isa = PBXFileReference; lastKnownFileType = sourcecode.swift; path = CoreDataServiceProtocol.swift; sourceTree = "<group>"; };
		CD44B38329F199EF005A5641 /* ThemesService.swift */ = {isa = PBXFileReference; lastKnownFileType = sourcecode.swift; path = ThemesService.swift; sourceTree = "<group>"; };
		CD44B38529F19A0D005A5641 /* themesServiceProtocols.swift */ = {isa = PBXFileReference; lastKnownFileType = sourcecode.swift; path = themesServiceProtocols.swift; sourceTree = "<group>"; };
		CD4F2EEA29B76FB300E0DB4D /* ChatViewController.swift */ = {isa = PBXFileReference; lastKnownFileType = sourcecode.swift; path = ChatViewController.swift; sourceTree = "<group>"; };
		CD4F2EEC29B7B6DB00E0DB4D /* CustomNavigationBar.swift */ = {isa = PBXFileReference; lastKnownFileType = sourcecode.swift; path = CustomNavigationBar.swift; sourceTree = "<group>"; };
		CD4F2EEE29B8895200E0DB4D /* ChatTableViewCell.swift */ = {isa = PBXFileReference; lastKnownFileType = sourcecode.swift; path = ChatTableViewCell.swift; sourceTree = "<group>"; };
		CD79154F2A0BC58400CD0E0E /* ChatAppUnitTests.xctest */ = {isa = PBXFileReference; explicitFileType = wrapper.cfbundle; includeInIndex = 0; path = ChatAppUnitTests.xctest; sourceTree = BUILT_PRODUCTS_DIR; };
		CD88C0CC29DE043300F2BC56 /* CombineService.swift */ = {isa = PBXFileReference; lastKnownFileType = sourcecode.swift; path = CombineService.swift; sourceTree = "<group>"; };
		CD88C0CF29E4541F00F2BC56 /* .swiftlint.yml */ = {isa = PBXFileReference; fileEncoding = 4; lastKnownFileType = text.yaml; path = .swiftlint.yml; sourceTree = "<group>"; };
		CD88C0D129E4CDB400F2BC56 /* TabBarViewController.swift */ = {isa = PBXFileReference; lastKnownFileType = sourcecode.swift; path = TabBarViewController.swift; sourceTree = "<group>"; };
		CD88C0D329E6AA8C00F2BC56 /* ChannelService.swift */ = {isa = PBXFileReference; lastKnownFileType = sourcecode.swift; path = ChannelService.swift; sourceTree = "<group>"; };
		CD88C0D629E8917500F2BC56 /* ChannelsDataModel.xcdatamodel */ = {isa = PBXFileReference; lastKnownFileType = wrapper.xcdatamodel; path = ChannelsDataModel.xcdatamodel; sourceTree = "<group>"; };
		CD88C0D829E892D000F2BC56 /* CoreDataService.swift */ = {isa = PBXFileReference; lastKnownFileType = sourcecode.swift; path = CoreDataService.swift; sourceTree = "<group>"; };
		CD88C0DA29E896BE00F2BC56 /* ChannelsDataSource.swift */ = {isa = PBXFileReference; lastKnownFileType = sourcecode.swift; path = ChannelsDataSource.swift; sourceTree = "<group>"; };
		CD97B39029C0744C008DF3FC /* SettingsViewController.swift */ = {isa = PBXFileReference; lastKnownFileType = sourcecode.swift; path = SettingsViewController.swift; sourceTree = "<group>"; };
		CDA9E2D729F8747600D188B5 /* NetworkPhotosCollectionViewController.swift */ = {isa = PBXFileReference; lastKnownFileType = sourcecode.swift; path = NetworkPhotosCollectionViewController.swift; sourceTree = "<group>"; };
		CDA9E2DA29F9B36B00D188B5 /* NetworkPhotosCollectionPresenter.swift */ = {isa = PBXFileReference; lastKnownFileType = sourcecode.swift; path = NetworkPhotosCollectionPresenter.swift; sourceTree = "<group>"; };
		CDA9E2DC29F9B39400D188B5 /* networkPhotosCollectionViewProtocols.swift */ = {isa = PBXFileReference; lastKnownFileType = sourcecode.swift; path = networkPhotosCollectionViewProtocols.swift; sourceTree = "<group>"; };
		CDA9E2DE29F9B46C00D188B5 /* NetworkPhotosCollectionModuleAssembly.swift */ = {isa = PBXFileReference; lastKnownFileType = sourcecode.swift; path = NetworkPhotosCollectionModuleAssembly.swift; sourceTree = "<group>"; };
		CDA9E2E029F9D55200D188B5 /* NetworkImage.swift */ = {isa = PBXFileReference; lastKnownFileType = sourcecode.swift; path = NetworkImage.swift; sourceTree = "<group>"; };
		CDA9E35629FBDE0E00D188B5 /* PhotosCollectionViewCell.swift */ = {isa = PBXFileReference; lastKnownFileType = sourcecode.swift; path = PhotosCollectionViewCell.swift; sourceTree = "<group>"; };
		CDA9E35929FBE0E300D188B5 /* UIColor+HexInit.swift */ = {isa = PBXFileReference; lastKnownFileType = sourcecode.swift; path = "UIColor+HexInit.swift"; sourceTree = "<group>"; };
		CDA9E35B29FC150800D188B5 /* NetworkPhotosCollectionPresenterOutput.swift */ = {isa = PBXFileReference; lastKnownFileType = sourcecode.swift; path = NetworkPhotosCollectionPresenterOutput.swift; sourceTree = "<group>"; };
		CDAE911829A3996C002F2452 /* ChatApp.app */ = {isa = PBXFileReference; explicitFileType = wrapper.application; includeInIndex = 0; path = ChatApp.app; sourceTree = BUILT_PRODUCTS_DIR; };
		CDAE911B29A3996C002F2452 /* AppDelegate.swift */ = {isa = PBXFileReference; lastKnownFileType = sourcecode.swift; path = AppDelegate.swift; sourceTree = "<group>"; };
		CDAE912229A3996C002F2452 /* Base */ = {isa = PBXFileReference; lastKnownFileType = file.storyboard; name = Base; path = Base.lproj/Main.storyboard; sourceTree = "<group>"; };
		CDAE912429A3996D002F2452 /* Assets.xcassets */ = {isa = PBXFileReference; lastKnownFileType = folder.assetcatalog; path = Assets.xcassets; sourceTree = "<group>"; };
		CDAE912729A3996D002F2452 /* Base */ = {isa = PBXFileReference; lastKnownFileType = file.storyboard; name = Base; path = Base.lproj/LaunchScreen.storyboard; sourceTree = "<group>"; };
		CDAE912929A3996D002F2452 /* Info.plist */ = {isa = PBXFileReference; lastKnownFileType = text.plist.xml; path = Info.plist; sourceTree = "<group>"; };
		CDC3D42A2A0D5C4C001C0FFA /* ChannelServiceTests.swift */ = {isa = PBXFileReference; lastKnownFileType = sourcecode.swift; path = ChannelServiceTests.swift; sourceTree = "<group>"; };
		CDC3D42C2A0D5E2C001C0FFA /* ChatServiceProtocol.swift */ = {isa = PBXFileReference; lastKnownFileType = sourcecode.swift; path = ChatServiceProtocol.swift; sourceTree = "<group>"; };
		CDC3D42E2A0D6099001C0FFA /* ChatServiceProtocolMock.swift */ = {isa = PBXFileReference; lastKnownFileType = sourcecode.swift; path = ChatServiceProtocolMock.swift; sourceTree = "<group>"; };
		CDC3D4342A0D8970001C0FFA /* ChatAppUITests.xctest */ = {isa = PBXFileReference; explicitFileType = wrapper.cfbundle; includeInIndex = 0; path = ChatAppUITests.xctest; sourceTree = BUILT_PRODUCTS_DIR; };
		CDC3D4402A0D8B41001C0FFA /* ProfileScreenUITest.swift */ = {isa = PBXFileReference; lastKnownFileType = sourcecode.swift; path = ProfileScreenUITest.swift; sourceTree = "<group>"; };
		CDDDAFC929AD11D2006ED745 /* ProfileViewController.swift */ = {isa = PBXFileReference; lastKnownFileType = sourcecode.swift; path = ProfileViewController.swift; sourceTree = "<group>"; };
/* End PBXFileReference section */

/* Begin PBXFrameworksBuildPhase section */
		CD79154C2A0BC58400CD0E0E /* Frameworks */ = {
			isa = PBXFrameworksBuildPhase;
			buildActionMask = 2147483647;
			files = (
			);
			runOnlyForDeploymentPostprocessing = 0;
		};
		CDAE911529A3996C002F2452 /* Frameworks */ = {
			isa = PBXFrameworksBuildPhase;
			buildActionMask = 2147483647;
			files = (
				737B136ED05CEA32B05AB1D1 /* Pods_ChatApp.framework in Frameworks */,
			);
			runOnlyForDeploymentPostprocessing = 0;
		};
		CDC3D4312A0D8970001C0FFA /* Frameworks */ = {
			isa = PBXFrameworksBuildPhase;
			buildActionMask = 2147483647;
			files = (
			);
			runOnlyForDeploymentPostprocessing = 0;
		};
/* End PBXFrameworksBuildPhase section */

/* Begin PBXGroup section */
		6AB3FF66F747BBB6776F3401 /* Frameworks */ = {
			isa = PBXGroup;
			children = (
				42FACFAD6CB83B57DE961096 /* Pods_ChatApp.framework */,
			);
			name = Frameworks;
			sourceTree = "<group>";
		};
		AF17147203D08630488624A6 /* Pods */ = {
			isa = PBXGroup;
			children = (
				00F4F730291D26FBAA1A10DC /* Pods-ChatApp.debug.xcconfig */,
				4E8643E316DAC2F916B9DA3D /* Pods-ChatApp.release.xcconfig */,
			);
			path = Pods;
			sourceTree = "<group>";
		};
		CD05BB7529B4D74100B77E86 /* Modules */ = {
			isa = PBXGroup;
			children = (
				CD18576B29EED82C0085F3E0 /* ChannelsList */,
				CD18576C29EED8390085F3E0 /* Chat */,
				CD18576529EED7CF0085F3E0 /* Settings */,
				CD18576829EED8070085F3E0 /* Profile */,
				CDA9E2D529F8740200D188B5 /* NetworkPhotosCollectionView */,
			);
			path = Modules;
			sourceTree = "<group>";
		};
		CD05BB7629B4D76000B77E86 /* UIElements */ = {
			isa = PBXGroup;
			children = (
				CD05BB7729B4D78A00B77E86 /* AvatarView.swift */,
				CD05BB7929B50FE600B77E86 /* ChannelsListTableViewCell.swift */,
				CD4F2EEE29B8895200E0DB4D /* ChatTableViewCell.swift */,
				CD4F2EEC29B7B6DB00E0DB4D /* CustomNavigationBar.swift */,
				CD44892C29F1CE8300694AC0 /* ThemeButton.swift */,
				CD44892E29F1CF2300694AC0 /* ThemeTapGestureRecognizer.swift */,
				CDA9E35629FBDE0E00D188B5 /* PhotosCollectionViewCell.swift */,
			);
			path = UIElements;
			sourceTree = "<group>";
		};
		CD18575E29EED5780085F3E0 /* PresentationLayer */ = {
			isa = PBXGroup;
			children = (
				CD05BB7529B4D74100B77E86 /* Modules */,
				CD05BB7629B4D76000B77E86 /* UIElements */,
				CD44893029F1CF7800694AC0 /* CommonProtocols */,
				CDA9E35829FBE0AD00D188B5 /* Extensions */,
			);
			path = PresentationLayer;
			sourceTree = "<group>";
		};
		CD18575F29EED5880085F3E0 /* ServiceLayer */ = {
			isa = PBXGroup;
			children = (
				CD44894D29F1D9F900694AC0 /* ChannelsDataSource */,
				CD44894829F1D29900694AC0 /* ChannelService */,
				CD44B38229F199D3005A5641 /* ThemesService */,
			);
			path = ServiceLayer;
			sourceTree = "<group>";
		};
		CD18576029EED5910085F3E0 /* CoreLayer */ = {
			isa = PBXGroup;
			children = (
				CD88C0D529E8917500F2BC56 /* ChannelsDataModel.xcdatamodeld */,
				CD44895529F1DE5400694AC0 /* CoreDataService */,
				CD44895029F1DC1300694AC0 /* CombineService */,
			);
			path = CoreLayer;
			sourceTree = "<group>";
		};
		CD18576229EED6CC0085F3E0 /* Assembly */ = {
			isa = PBXGroup;
			children = (
				CD18577129EED8970085F3E0 /* ChannelsListModuleAssembly.swift */,
				CD18577329EED8A40085F3E0 /* ChatModuleAssembly.swift */,
				CD18576329EED76B0085F3E0 /* SettingsModuleAssembly.swift */,
				CD18577529EED8B70085F3E0 /* ProfileModuleAssembly.swift */,
				CDA9E2DE29F9B46C00D188B5 /* NetworkPhotosCollectionModuleAssembly.swift */,
			);
			path = Assembly;
			sourceTree = "<group>";
		};
		CD18576529EED7CF0085F3E0 /* Settings */ = {
			isa = PBXGroup;
			children = (
				CD18576729EED7E60085F3E0 /* View */,
			);
			path = Settings;
			sourceTree = "<group>";
		};
		CD18576729EED7E60085F3E0 /* View */ = {
			isa = PBXGroup;
			children = (
				CD97B39029C0744C008DF3FC /* SettingsViewController.swift */,
			);
			path = View;
			sourceTree = "<group>";
		};
		CD18576829EED8070085F3E0 /* Profile */ = {
			isa = PBXGroup;
			children = (
				CD18576A29EED8190085F3E0 /* View */,
				CD18576929EED8130085F3E0 /* Presenter */,
			);
			path = Profile;
			sourceTree = "<group>";
		};
		CD18576929EED8130085F3E0 /* Presenter */ = {
			isa = PBXGroup;
			children = (
				CD18577D29EEDB640085F3E0 /* ProfilePresenter.swift */,
			);
			path = Presenter;
			sourceTree = "<group>";
		};
		CD18576A29EED8190085F3E0 /* View */ = {
			isa = PBXGroup;
			children = (
				CDDDAFC929AD11D2006ED745 /* ProfileViewController.swift */,
				CD18577F29EEE2DF0085F3E0 /* profileViewProtocols.swift */,
				CD18578929F075960085F3E0 /* profileViewAlertType.swift */,
			);
			path = View;
			sourceTree = "<group>";
		};
		CD18576B29EED82C0085F3E0 /* ChannelsList */ = {
			isa = PBXGroup;
			children = (
				CD18576F29EED8550085F3E0 /* View */,
				CD18576D29EED8490085F3E0 /* Presenter */,
			);
			path = ChannelsList;
			sourceTree = "<group>";
		};
		CD18576C29EED8390085F3E0 /* Chat */ = {
			isa = PBXGroup;
			children = (
				CD18577029EED8590085F3E0 /* View */,
				CD18576E29EED84E0085F3E0 /* Presenter */,
			);
			path = Chat;
			sourceTree = "<group>";
		};
		CD18576D29EED8490085F3E0 /* Presenter */ = {
			isa = PBXGroup;
			children = (
				CD18577929EEDB1F0085F3E0 /* ChannelsListPresenter.swift */,
			);
			path = Presenter;
			sourceTree = "<group>";
		};
		CD18576E29EED84E0085F3E0 /* Presenter */ = {
			isa = PBXGroup;
			children = (
				CD18577B29EEDB460085F3E0 /* ChatPresenter.swift */,
			);
			path = Presenter;
			sourceTree = "<group>";
		};
		CD18576F29EED8550085F3E0 /* View */ = {
			isa = PBXGroup;
			children = (
				CD05BB7329B4D31800B77E86 /* ChannelsListViewController.swift */,
				CD18578129EEE3CE0085F3E0 /* сhannelsListViewProtocols.swift */,
			);
			path = View;
			sourceTree = "<group>";
		};
		CD18577029EED8590085F3E0 /* View */ = {
			isa = PBXGroup;
			children = (
				CD4F2EEA29B76FB300E0DB4D /* ChatViewController.swift */,
				CD18578329EEE4440085F3E0 /* chatViewProtocols.swift */,
			);
			path = View;
			sourceTree = "<group>";
		};
		CD44893029F1CF7800694AC0 /* CommonProtocols */ = {
			isa = PBXGroup;
			children = (
				CD44893129F1CFA300694AC0 /* ConfigurableViewProtocol.swift */,
			);
			path = CommonProtocols;
			sourceTree = "<group>";
		};
		CD44893329F1CFFA00694AC0 /* Models */ = {
			isa = PBXGroup;
			children = (
				CD44894029F1D16600694AC0 /* Common */,
				CD44893B29F1D0CE00694AC0 /* ChannelsListModels */,
				CD44894129F1D17500694AC0 /* ChatModels */,
				CD44893629F1D05800694AC0 /* ProfileModels */,
			);
			path = Models;
			sourceTree = "<group>";
		};
		CD44893629F1D05800694AC0 /* ProfileModels */ = {
			isa = PBXGroup;
			children = (
				CD44893729F1D07600694AC0 /* AvatarImage.swift */,
				CD44893929F1D0A600694AC0 /* UserProfileViewModel.swift */,
				CDA9E2E029F9D55200D188B5 /* NetworkImage.swift */,
			);
			path = ProfileModels;
			sourceTree = "<group>";
		};
		CD44893B29F1D0CE00694AC0 /* ChannelsListModels */ = {
			isa = PBXGroup;
			children = (
				CD44893C29F1D11700694AC0 /* ChannelItem.swift */,
				CD44893E29F1D14200694AC0 /* ChannelCellModel.swift */,
				CD306F8829FC3B6600A616F4 /* ChatEvent.swift */,
			);
			path = ChannelsListModels;
			sourceTree = "<group>";
		};
		CD44894029F1D16600694AC0 /* Common */ = {
			isa = PBXGroup;
			children = (
				CD44893429F1D02600694AC0 /* AvatarModel.swift */,
			);
			path = Common;
			sourceTree = "<group>";
		};
		CD44894129F1D17500694AC0 /* ChatModels */ = {
			isa = PBXGroup;
			children = (
				CD44894229F1D18A00694AC0 /* MessageSection.swift */,
				CD44894429F1D19D00694AC0 /* MessageItem.swift */,
				CD44894629F1D1C300694AC0 /* MessageCellModel.swift */,
			);
			path = ChatModels;
			sourceTree = "<group>";
		};
		CD44894829F1D29900694AC0 /* ChannelService */ = {
			isa = PBXGroup;
			children = (
				CD88C0D329E6AA8C00F2BC56 /* ChannelService.swift */,
				CD44894929F1D2AB00694AC0 /* ChannelServiceError.swift */,
				CD44894B29F1D2DA00694AC0 /* ChannelServiceProtocol.swift */,
				CDC3D42C2A0D5E2C001C0FFA /* ChatServiceProtocol.swift */,
			);
			path = ChannelService;
			sourceTree = "<group>";
		};
		CD44894D29F1D9F900694AC0 /* ChannelsDataSource */ = {
			isa = PBXGroup;
			children = (
				CD88C0DA29E896BE00F2BC56 /* ChannelsDataSource.swift */,
				CD44894E29F1DA1A00694AC0 /* ChannelsDataSourceProtocol.swift */,
			);
			path = ChannelsDataSource;
			sourceTree = "<group>";
		};
		CD44895029F1DC1300694AC0 /* CombineService */ = {
			isa = PBXGroup;
			children = (
				CD88C0CC29DE043300F2BC56 /* CombineService.swift */,
				CD44895129F1DC2200694AC0 /* CombineServiceError.swift */,
				CD44895329F1DC3B00694AC0 /* CombineServiceProtocol.swift */,
			);
			path = CombineService;
			sourceTree = "<group>";
		};
		CD44895529F1DE5400694AC0 /* CoreDataService */ = {
			isa = PBXGroup;
			children = (
				CD88C0D829E892D000F2BC56 /* CoreDataService.swift */,
				CD44895629F1DE6700694AC0 /* CoreDataServiceProtocol.swift */,
			);
			path = CoreDataService;
			sourceTree = "<group>";
		};
		CD44B38229F199D3005A5641 /* ThemesService */ = {
			isa = PBXGroup;
			children = (
				CD44B38329F199EF005A5641 /* ThemesService.swift */,
				CD44B38529F19A0D005A5641 /* themesServiceProtocols.swift */,
			);
			path = ThemesService;
			sourceTree = "<group>";
		};
		CD44B38929F1B228005A5641 /* TabBarCoordinator */ = {
			isa = PBXGroup;
			children = (
				CD88C0D129E4CDB400F2BC56 /* TabBarViewController.swift */,
			);
			path = TabBarCoordinator;
			sourceTree = "<group>";
		};
		CD7915502A0BC58400CD0E0E /* ChatAppUnitTests */ = {
			isa = PBXGroup;
			children = (
				CDC3D4272A0D5952001C0FFA /* Mocks */,
				CDC3D4282A0D5BFE001C0FFA /* ServiceLayer */,
			);
			path = ChatAppUnitTests;
			sourceTree = "<group>";
		};
		CDA9E2D529F8740200D188B5 /* NetworkPhotosCollectionView */ = {
			isa = PBXGroup;
			children = (
				CDA9E2D629F8746500D188B5 /* View */,
				CDA9E2D929F9B35200D188B5 /* Presenter */,
			);
			path = NetworkPhotosCollectionView;
			sourceTree = "<group>";
		};
		CDA9E2D629F8746500D188B5 /* View */ = {
			isa = PBXGroup;
			children = (
				CDA9E2D729F8747600D188B5 /* NetworkPhotosCollectionViewController.swift */,
				CDA9E2DC29F9B39400D188B5 /* networkPhotosCollectionViewProtocols.swift */,
			);
			path = View;
			sourceTree = "<group>";
		};
		CDA9E2D929F9B35200D188B5 /* Presenter */ = {
			isa = PBXGroup;
			children = (
				CDA9E2DA29F9B36B00D188B5 /* NetworkPhotosCollectionPresenter.swift */,
				CDA9E35B29FC150800D188B5 /* NetworkPhotosCollectionPresenterOutput.swift */,
			);
			path = Presenter;
			sourceTree = "<group>";
		};
		CDA9E35829FBE0AD00D188B5 /* Extensions */ = {
			isa = PBXGroup;
			children = (
				CDA9E35929FBE0E300D188B5 /* UIColor+HexInit.swift */,
			);
			path = Extensions;
			sourceTree = "<group>";
		};
		CDAE910F29A3996C002F2452 = {
			isa = PBXGroup;
			children = (
				CD88C0CF29E4541F00F2BC56 /* .swiftlint.yml */,
				CDAE911A29A3996C002F2452 /* ChatApp */,
				CD7915502A0BC58400CD0E0E /* ChatAppUnitTests */,
				CDC3D4352A0D8970001C0FFA /* ChatAppUITests */,
				CDAE911929A3996C002F2452 /* Products */,
				AF17147203D08630488624A6 /* Pods */,
				6AB3FF66F747BBB6776F3401 /* Frameworks */,
			);
			sourceTree = "<group>";
		};
		CDAE911929A3996C002F2452 /* Products */ = {
			isa = PBXGroup;
			children = (
				CDAE911829A3996C002F2452 /* ChatApp.app */,
				CD79154F2A0BC58400CD0E0E /* ChatAppUnitTests.xctest */,
				CDC3D4342A0D8970001C0FFA /* ChatAppUITests.xctest */,
			);
			name = Products;
			sourceTree = "<group>";
		};
		CDAE911A29A3996C002F2452 /* ChatApp */ = {
			isa = PBXGroup;
			children = (
				CD44B38929F1B228005A5641 /* TabBarCoordinator */,
				CD18576229EED6CC0085F3E0 /* Assembly */,
				CD18575E29EED5780085F3E0 /* PresentationLayer */,
				CD18575F29EED5880085F3E0 /* ServiceLayer */,
				CD18576029EED5910085F3E0 /* CoreLayer */,
				CD44893329F1CFFA00694AC0 /* Models */,
				CDAE911B29A3996C002F2452 /* AppDelegate.swift */,
				CDAE912129A3996C002F2452 /* Main.storyboard */,
				CDAE912429A3996D002F2452 /* Assets.xcassets */,
				CDAE912629A3996D002F2452 /* LaunchScreen.storyboard */,
				CDAE912929A3996D002F2452 /* Info.plist */,
			);
			path = ChatApp;
			sourceTree = "<group>";
		};
		CDC3D4272A0D5952001C0FFA /* Mocks */ = {
			isa = PBXGroup;
			children = (
				CDC3D42E2A0D6099001C0FFA /* ChatServiceProtocolMock.swift */,
			);
			path = Mocks;
			sourceTree = "<group>";
		};
		CDC3D4282A0D5BFE001C0FFA /* ServiceLayer */ = {
			isa = PBXGroup;
			children = (
				CDC3D42A2A0D5C4C001C0FFA /* ChannelServiceTests.swift */,
			);
			path = ServiceLayer;
			sourceTree = "<group>";
		};
		CDC3D4352A0D8970001C0FFA /* ChatAppUITests */ = {
			isa = PBXGroup;
			children = (
				CDC3D43F2A0D8AF8001C0FFA /* Modules */,
			);
			path = ChatAppUITests;
			sourceTree = "<group>";
		};
		CDC3D43F2A0D8AF8001C0FFA /* Modules */ = {
			isa = PBXGroup;
			children = (
				CDC3D4402A0D8B41001C0FFA /* ProfileScreenUITest.swift */,
			);
			path = Modules;
			sourceTree = "<group>";
		};
/* End PBXGroup section */

/* Begin PBXNativeTarget section */
		CD79154E2A0BC58400CD0E0E /* ChatAppUnitTests */ = {
			isa = PBXNativeTarget;
			buildConfigurationList = CD7915572A0BC58400CD0E0E /* Build configuration list for PBXNativeTarget "ChatAppUnitTests" */;
			buildPhases = (
				CD79154B2A0BC58400CD0E0E /* Sources */,
				CD79154C2A0BC58400CD0E0E /* Frameworks */,
				CD79154D2A0BC58400CD0E0E /* Resources */,
			);
			buildRules = (
			);
			dependencies = (
				CD7915542A0BC58400CD0E0E /* PBXTargetDependency */,
			);
			name = ChatAppUnitTests;
			productName = ChatAppUnitTests;
			productReference = CD79154F2A0BC58400CD0E0E /* ChatAppUnitTests.xctest */;
			productType = "com.apple.product-type.bundle.unit-test";
		};
		CDAE911729A3996C002F2452 /* ChatApp */ = {
			isa = PBXNativeTarget;
			buildConfigurationList = CDAE912C29A3996D002F2452 /* Build configuration list for PBXNativeTarget "ChatApp" */;
			buildPhases = (
				C5E56D92AF88B701D48BD541 /* [CP] Check Pods Manifest.lock */,
				CDAE911429A3996C002F2452 /* Sources */,
				CDAE911529A3996C002F2452 /* Frameworks */,
				CDAE911629A3996C002F2452 /* Resources */,
				CD88C0CE29E445A100F2BC56 /* SwiftLint */,
			);
			buildRules = (
			);
			dependencies = (
			);
			name = ChatApp;
			productName = ChatApp;
			productReference = CDAE911829A3996C002F2452 /* ChatApp.app */;
			productType = "com.apple.product-type.application";
		};
		CDC3D4332A0D8970001C0FFA /* ChatAppUITests */ = {
			isa = PBXNativeTarget;
			buildConfigurationList = CDC3D43C2A0D8970001C0FFA /* Build configuration list for PBXNativeTarget "ChatAppUITests" */;
			buildPhases = (
				CDC3D4302A0D8970001C0FFA /* Sources */,
				CDC3D4312A0D8970001C0FFA /* Frameworks */,
				CDC3D4322A0D8970001C0FFA /* Resources */,
			);
			buildRules = (
			);
			dependencies = (
				CDC3D43B2A0D8970001C0FFA /* PBXTargetDependency */,
			);
			name = ChatAppUITests;
			productName = ChatAppUITests;
			productReference = CDC3D4342A0D8970001C0FFA /* ChatAppUITests.xctest */;
			productType = "com.apple.product-type.bundle.ui-testing";
		};
/* End PBXNativeTarget section */

/* Begin PBXProject section */
		CDAE911029A3996C002F2452 /* Project object */ = {
			isa = PBXProject;
			attributes = {
				BuildIndependentTargetsInParallel = 1;
				LastSwiftUpdateCheck = 1400;
				LastUpgradeCheck = 1400;
				TargetAttributes = {
					CD79154E2A0BC58400CD0E0E = {
						CreatedOnToolsVersion = 14.0.1;
						TestTargetID = CDAE911729A3996C002F2452;
					};
					CDAE911729A3996C002F2452 = {
						CreatedOnToolsVersion = 14.0.1;
					};
					CDC3D4332A0D8970001C0FFA = {
						CreatedOnToolsVersion = 14.0.1;
						LastSwiftMigration = 1400;
						TestTargetID = CDAE911729A3996C002F2452;
					};
				};
			};
			buildConfigurationList = CDAE911329A3996C002F2452 /* Build configuration list for PBXProject "ChatApp" */;
			compatibilityVersion = "Xcode 14.0";
			developmentRegion = en;
			hasScannedForEncodings = 0;
			knownRegions = (
				en,
				Base,
			);
			mainGroup = CDAE910F29A3996C002F2452;
			productRefGroup = CDAE911929A3996C002F2452 /* Products */;
			projectDirPath = "";
			projectRoot = "";
			targets = (
				CDAE911729A3996C002F2452 /* ChatApp */,
				CD79154E2A0BC58400CD0E0E /* ChatAppUnitTests */,
				CDC3D4332A0D8970001C0FFA /* ChatAppUITests */,
			);
		};
/* End PBXProject section */

/* Begin PBXResourcesBuildPhase section */
		CD79154D2A0BC58400CD0E0E /* Resources */ = {
			isa = PBXResourcesBuildPhase;
			buildActionMask = 2147483647;
			files = (
			);
			runOnlyForDeploymentPostprocessing = 0;
		};
		CDAE911629A3996C002F2452 /* Resources */ = {
			isa = PBXResourcesBuildPhase;
			buildActionMask = 2147483647;
			files = (
				CD88C0D029E4541F00F2BC56 /* .swiftlint.yml in Resources */,
				CDAE912829A3996D002F2452 /* LaunchScreen.storyboard in Resources */,
				CDAE912529A3996D002F2452 /* Assets.xcassets in Resources */,
				CDAE912329A3996C002F2452 /* Main.storyboard in Resources */,
			);
			runOnlyForDeploymentPostprocessing = 0;
		};
		CDC3D4322A0D8970001C0FFA /* Resources */ = {
			isa = PBXResourcesBuildPhase;
			buildActionMask = 2147483647;
			files = (
			);
			runOnlyForDeploymentPostprocessing = 0;
		};
/* End PBXResourcesBuildPhase section */

/* Begin PBXShellScriptBuildPhase section */
		C5E56D92AF88B701D48BD541 /* [CP] Check Pods Manifest.lock */ = {
			isa = PBXShellScriptBuildPhase;
			buildActionMask = 2147483647;
			files = (
			);
			inputFileListPaths = (
			);
			inputPaths = (
				"${PODS_PODFILE_DIR_PATH}/Podfile.lock",
				"${PODS_ROOT}/Manifest.lock",
			);
			name = "[CP] Check Pods Manifest.lock";
			outputFileListPaths = (
			);
			outputPaths = (
				"$(DERIVED_FILE_DIR)/Pods-ChatApp-checkManifestLockResult.txt",
			);
			runOnlyForDeploymentPostprocessing = 0;
			shellPath = /bin/sh;
			shellScript = "diff \"${PODS_PODFILE_DIR_PATH}/Podfile.lock\" \"${PODS_ROOT}/Manifest.lock\" > /dev/null\nif [ $? != 0 ] ; then\n    # print error to STDERR\n    echo \"error: The sandbox is not in sync with the Podfile.lock. Run 'pod install' or update your CocoaPods installation.\" >&2\n    exit 1\nfi\n# This output is used by Xcode 'outputs' to avoid re-running this script phase.\necho \"SUCCESS\" > \"${SCRIPT_OUTPUT_FILE_0}\"\n";
			showEnvVarsInLog = 0;
		};
		CD88C0CE29E445A100F2BC56 /* SwiftLint */ = {
			isa = PBXShellScriptBuildPhase;
			alwaysOutOfDate = 1;
			buildActionMask = 2147483647;
			files = (
			);
			inputFileListPaths = (
			);
			inputPaths = (
			);
			name = SwiftLint;
			outputFileListPaths = (
			);
			outputPaths = (
			);
			runOnlyForDeploymentPostprocessing = 0;
			shellPath = /bin/sh;
			shellScript = "\"${PODS_ROOT}/SwiftLint/swiftlint\"\n";
		};
/* End PBXShellScriptBuildPhase section */

/* Begin PBXSourcesBuildPhase section */
		CD79154B2A0BC58400CD0E0E /* Sources */ = {
			isa = PBXSourcesBuildPhase;
			buildActionMask = 2147483647;
			files = (
				CDC3D42F2A0D6099001C0FFA /* ChatServiceProtocolMock.swift in Sources */,
				CDC3D42B2A0D5C4C001C0FFA /* ChannelServiceTests.swift in Sources */,
			);
			runOnlyForDeploymentPostprocessing = 0;
		};
		CDAE911429A3996C002F2452 /* Sources */ = {
			isa = PBXSourcesBuildPhase;
			buildActionMask = 2147483647;
			files = (
				CD88C0D929E892D000F2BC56 /* CoreDataService.swift in Sources */,
				CD44894329F1D18A00694AC0 /* MessageSection.swift in Sources */,
				CD44894529F1D19D00694AC0 /* MessageItem.swift in Sources */,
				CD18578429EEE4440085F3E0 /* chatViewProtocols.swift in Sources */,
				CD306F8929FC3B6600A616F4 /* ChatEvent.swift in Sources */,
				CD44893829F1D07600694AC0 /* AvatarImage.swift in Sources */,
				CD44B38629F19A0D005A5641 /* themesServiceProtocols.swift in Sources */,
				CD44894729F1D1C300694AC0 /* MessageCellModel.swift in Sources */,
				CD44895429F1DC3B00694AC0 /* CombineServiceProtocol.swift in Sources */,
				CD05BB7A29B50FE600B77E86 /* ChannelsListTableViewCell.swift in Sources */,
				CDC3D42D2A0D5E2C001C0FFA /* ChatServiceProtocol.swift in Sources */,
				CD44894A29F1D2AB00694AC0 /* ChannelServiceError.swift in Sources */,
				CD44B38429F199EF005A5641 /* ThemesService.swift in Sources */,
				CD4F2EEB29B76FB300E0DB4D /* ChatViewController.swift in Sources */,
				CD4F2EED29B7B6DB00E0DB4D /* CustomNavigationBar.swift in Sources */,
				CD18577A29EEDB1F0085F3E0 /* ChannelsListPresenter.swift in Sources */,
				CD18576429EED76B0085F3E0 /* SettingsModuleAssembly.swift in Sources */,
				CD88C0D229E4CDB400F2BC56 /* TabBarViewController.swift in Sources */,
				CD18578229EEE3CE0085F3E0 /* сhannelsListViewProtocols.swift in Sources */,
				CD88C0DB29E896BE00F2BC56 /* ChannelsDataSource.swift in Sources */,
				CD18578A29F075960085F3E0 /* profileViewAlertType.swift in Sources */,
				CD44894F29F1DA1A00694AC0 /* ChannelsDataSourceProtocol.swift in Sources */,
				CD4F2EEF29B8895200E0DB4D /* ChatTableViewCell.swift in Sources */,
				CD44893D29F1D11700694AC0 /* ChannelItem.swift in Sources */,
				CDDDAFCA29AD11D2006ED745 /* ProfileViewController.swift in Sources */,
				CD44893A29F1D0A600694AC0 /* UserProfileViewModel.swift in Sources */,
				CD44895229F1DC2200694AC0 /* CombineServiceError.swift in Sources */,
				CD18577E29EEDB640085F3E0 /* ProfilePresenter.swift in Sources */,
				CDA9E2E129F9D55300D188B5 /* NetworkImage.swift in Sources */,
				CD05BB7429B4D31800B77E86 /* ChannelsListViewController.swift in Sources */,
				CDA9E2DF29F9B46C00D188B5 /* NetworkPhotosCollectionModuleAssembly.swift in Sources */,
				CD18577429EED8A40085F3E0 /* ChatModuleAssembly.swift in Sources */,
				CD18578029EEE2DF0085F3E0 /* profileViewProtocols.swift in Sources */,
				CD88C0D429E6AA8C00F2BC56 /* ChannelService.swift in Sources */,
				CDA9E2D829F8747600D188B5 /* NetworkPhotosCollectionViewController.swift in Sources */,
				CD05BB7829B4D78A00B77E86 /* AvatarView.swift in Sources */,
				CD18577229EED8970085F3E0 /* ChannelsListModuleAssembly.swift in Sources */,
				CD44893529F1D02600694AC0 /* AvatarModel.swift in Sources */,
				CD18577629EED8B70085F3E0 /* ProfileModuleAssembly.swift in Sources */,
				CD97B39129C0744C008DF3FC /* SettingsViewController.swift in Sources */,
				CDAE911C29A3996C002F2452 /* AppDelegate.swift in Sources */,
				CD44892D29F1CE8300694AC0 /* ThemeButton.swift in Sources */,
				CD44893229F1CFA300694AC0 /* ConfigurableViewProtocol.swift in Sources */,
				CD88C0D729E8917500F2BC56 /* ChannelsDataModel.xcdatamodeld in Sources */,
				CDA9E35729FBDE0E00D188B5 /* PhotosCollectionViewCell.swift in Sources */,
				CD44892F29F1CF2300694AC0 /* ThemeTapGestureRecognizer.swift in Sources */,
				CDA9E2DD29F9B39400D188B5 /* networkPhotosCollectionViewProtocols.swift in Sources */,
				CDA9E35A29FBE0E300D188B5 /* UIColor+HexInit.swift in Sources */,
				CD44895729F1DE6700694AC0 /* CoreDataServiceProtocol.swift in Sources */,
				CD44893F29F1D14200694AC0 /* ChannelCellModel.swift in Sources */,
				CDA9E35C29FC150800D188B5 /* NetworkPhotosCollectionPresenterOutput.swift in Sources */,
				CDA9E2DB29F9B36B00D188B5 /* NetworkPhotosCollectionPresenter.swift in Sources */,
				CD88C0CD29DE043300F2BC56 /* CombineService.swift in Sources */,
				CD18577C29EEDB460085F3E0 /* ChatPresenter.swift in Sources */,
				CD44894C29F1D2DA00694AC0 /* ChannelServiceProtocol.swift in Sources */,
			);
			runOnlyForDeploymentPostprocessing = 0;
		};
		CDC3D4302A0D8970001C0FFA /* Sources */ = {
			isa = PBXSourcesBuildPhase;
			buildActionMask = 2147483647;
			files = (
				CDC3D4412A0D8B41001C0FFA /* ProfileScreenUITest.swift in Sources */,
			);
			runOnlyForDeploymentPostprocessing = 0;
		};
/* End PBXSourcesBuildPhase section */

/* Begin PBXTargetDependency section */
		CD7915542A0BC58400CD0E0E /* PBXTargetDependency */ = {
			isa = PBXTargetDependency;
			target = CDAE911729A3996C002F2452 /* ChatApp */;
			targetProxy = CD7915532A0BC58400CD0E0E /* PBXContainerItemProxy */;
		};
		CDC3D43B2A0D8970001C0FFA /* PBXTargetDependency */ = {
			isa = PBXTargetDependency;
			target = CDAE911729A3996C002F2452 /* ChatApp */;
			targetProxy = CDC3D43A2A0D8970001C0FFA /* PBXContainerItemProxy */;
		};
/* End PBXTargetDependency section */

/* Begin PBXVariantGroup section */
		CDAE912129A3996C002F2452 /* Main.storyboard */ = {
			isa = PBXVariantGroup;
			children = (
				CDAE912229A3996C002F2452 /* Base */,
			);
			name = Main.storyboard;
			sourceTree = "<group>";
		};
		CDAE912629A3996D002F2452 /* LaunchScreen.storyboard */ = {
			isa = PBXVariantGroup;
			children = (
				CDAE912729A3996D002F2452 /* Base */,
			);
			name = LaunchScreen.storyboard;
			sourceTree = "<group>";
		};
/* End PBXVariantGroup section */

/* Begin XCBuildConfiguration section */
		CD7915552A0BC58400CD0E0E /* Debug */ = {
			isa = XCBuildConfiguration;
			buildSettings = {
				BUNDLE_LOADER = "$(TEST_HOST)";
				CODE_SIGN_STYLE = Automatic;
				CURRENT_PROJECT_VERSION = 1;
				DEVELOPMENT_TEAM = 5L2PK7Z938;
				GENERATE_INFOPLIST_FILE = YES;
				IPHONEOS_DEPLOYMENT_TARGET = 16.0;
				MARKETING_VERSION = 1.0;
				PRODUCT_BUNDLE_IDENTIFIER = com.panda.ChatAppUnitTests;
				PRODUCT_NAME = "$(TARGET_NAME)";
				SWIFT_EMIT_LOC_STRINGS = NO;
				SWIFT_VERSION = 5.0;
				TARGETED_DEVICE_FAMILY = "1,2";
				TEST_HOST = "$(BUILT_PRODUCTS_DIR)/ChatApp.app/$(BUNDLE_EXECUTABLE_FOLDER_PATH)/ChatApp";
			};
			name = Debug;
		};
		CD7915562A0BC58400CD0E0E /* Release */ = {
			isa = XCBuildConfiguration;
			buildSettings = {
				BUNDLE_LOADER = "$(TEST_HOST)";
				CODE_SIGN_STYLE = Automatic;
				CURRENT_PROJECT_VERSION = 1;
				DEVELOPMENT_TEAM = 5L2PK7Z938;
				GENERATE_INFOPLIST_FILE = YES;
				IPHONEOS_DEPLOYMENT_TARGET = 16.0;
				MARKETING_VERSION = 1.0;
				PRODUCT_BUNDLE_IDENTIFIER = com.panda.ChatAppUnitTests;
				PRODUCT_NAME = "$(TARGET_NAME)";
				SWIFT_EMIT_LOC_STRINGS = NO;
				SWIFT_VERSION = 5.0;
				TARGETED_DEVICE_FAMILY = "1,2";
				TEST_HOST = "$(BUILT_PRODUCTS_DIR)/ChatApp.app/$(BUNDLE_EXECUTABLE_FOLDER_PATH)/ChatApp";
			};
			name = Release;
		};
		CDAE912A29A3996D002F2452 /* Debug */ = {
			isa = XCBuildConfiguration;
			buildSettings = {
				ALWAYS_SEARCH_USER_PATHS = NO;
				CLANG_ANALYZER_NONNULL = YES;
				CLANG_ANALYZER_NUMBER_OBJECT_CONVERSION = YES_AGGRESSIVE;
				CLANG_CXX_LANGUAGE_STANDARD = "gnu++20";
				CLANG_ENABLE_MODULES = YES;
				CLANG_ENABLE_OBJC_ARC = YES;
				CLANG_ENABLE_OBJC_WEAK = YES;
				CLANG_WARN_BLOCK_CAPTURE_AUTORELEASING = YES;
				CLANG_WARN_BOOL_CONVERSION = YES;
				CLANG_WARN_COMMA = YES;
				CLANG_WARN_CONSTANT_CONVERSION = YES;
				CLANG_WARN_DEPRECATED_OBJC_IMPLEMENTATIONS = YES;
				CLANG_WARN_DIRECT_OBJC_ISA_USAGE = YES_ERROR;
				CLANG_WARN_DOCUMENTATION_COMMENTS = YES;
				CLANG_WARN_EMPTY_BODY = YES;
				CLANG_WARN_ENUM_CONVERSION = YES;
				CLANG_WARN_INFINITE_RECURSION = YES;
				CLANG_WARN_INT_CONVERSION = YES;
				CLANG_WARN_NON_LITERAL_NULL_CONVERSION = YES;
				CLANG_WARN_OBJC_IMPLICIT_RETAIN_SELF = YES;
				CLANG_WARN_OBJC_LITERAL_CONVERSION = YES;
				CLANG_WARN_OBJC_ROOT_CLASS = YES_ERROR;
				CLANG_WARN_QUOTED_INCLUDE_IN_FRAMEWORK_HEADER = YES;
				CLANG_WARN_RANGE_LOOP_ANALYSIS = YES;
				CLANG_WARN_STRICT_PROTOTYPES = YES;
				CLANG_WARN_SUSPICIOUS_MOVE = YES;
				CLANG_WARN_UNGUARDED_AVAILABILITY = YES_AGGRESSIVE;
				CLANG_WARN_UNREACHABLE_CODE = YES;
				CLANG_WARN__DUPLICATE_METHOD_MATCH = YES;
				COPY_PHASE_STRIP = NO;
				DEBUG_INFORMATION_FORMAT = dwarf;
				ENABLE_STRICT_OBJC_MSGSEND = YES;
				ENABLE_TESTABILITY = YES;
				GCC_C_LANGUAGE_STANDARD = gnu11;
				GCC_DYNAMIC_NO_PIC = NO;
				GCC_NO_COMMON_BLOCKS = YES;
				GCC_OPTIMIZATION_LEVEL = 0;
				GCC_PREPROCESSOR_DEFINITIONS = (
					"DEBUG=1",
					"$(inherited)",
				);
				GCC_WARN_64_TO_32_BIT_CONVERSION = YES;
				GCC_WARN_ABOUT_RETURN_TYPE = YES_ERROR;
				GCC_WARN_UNDECLARED_SELECTOR = YES;
				GCC_WARN_UNINITIALIZED_AUTOS = YES_AGGRESSIVE;
				GCC_WARN_UNUSED_FUNCTION = YES;
				GCC_WARN_UNUSED_VARIABLE = YES;
				IPHONEOS_DEPLOYMENT_TARGET = 14.0;
				MTL_ENABLE_DEBUG_INFO = INCLUDE_SOURCE;
				MTL_FAST_MATH = YES;
				ONLY_ACTIVE_ARCH = YES;
				SDKROOT = iphoneos;
				SWIFT_ACTIVE_COMPILATION_CONDITIONS = DEBUG;
				SWIFT_OPTIMIZATION_LEVEL = "-Onone";
			};
			name = Debug;
		};
		CDAE912B29A3996D002F2452 /* Release */ = {
			isa = XCBuildConfiguration;
			buildSettings = {
				ALWAYS_SEARCH_USER_PATHS = NO;
				CLANG_ANALYZER_NONNULL = YES;
				CLANG_ANALYZER_NUMBER_OBJECT_CONVERSION = YES_AGGRESSIVE;
				CLANG_CXX_LANGUAGE_STANDARD = "gnu++20";
				CLANG_ENABLE_MODULES = YES;
				CLANG_ENABLE_OBJC_ARC = YES;
				CLANG_ENABLE_OBJC_WEAK = YES;
				CLANG_WARN_BLOCK_CAPTURE_AUTORELEASING = YES;
				CLANG_WARN_BOOL_CONVERSION = YES;
				CLANG_WARN_COMMA = YES;
				CLANG_WARN_CONSTANT_CONVERSION = YES;
				CLANG_WARN_DEPRECATED_OBJC_IMPLEMENTATIONS = YES;
				CLANG_WARN_DIRECT_OBJC_ISA_USAGE = YES_ERROR;
				CLANG_WARN_DOCUMENTATION_COMMENTS = YES;
				CLANG_WARN_EMPTY_BODY = YES;
				CLANG_WARN_ENUM_CONVERSION = YES;
				CLANG_WARN_INFINITE_RECURSION = YES;
				CLANG_WARN_INT_CONVERSION = YES;
				CLANG_WARN_NON_LITERAL_NULL_CONVERSION = YES;
				CLANG_WARN_OBJC_IMPLICIT_RETAIN_SELF = YES;
				CLANG_WARN_OBJC_LITERAL_CONVERSION = YES;
				CLANG_WARN_OBJC_ROOT_CLASS = YES_ERROR;
				CLANG_WARN_QUOTED_INCLUDE_IN_FRAMEWORK_HEADER = YES;
				CLANG_WARN_RANGE_LOOP_ANALYSIS = YES;
				CLANG_WARN_STRICT_PROTOTYPES = YES;
				CLANG_WARN_SUSPICIOUS_MOVE = YES;
				CLANG_WARN_UNGUARDED_AVAILABILITY = YES_AGGRESSIVE;
				CLANG_WARN_UNREACHABLE_CODE = YES;
				CLANG_WARN__DUPLICATE_METHOD_MATCH = YES;
				COPY_PHASE_STRIP = NO;
				DEBUG_INFORMATION_FORMAT = "dwarf-with-dsym";
				ENABLE_NS_ASSERTIONS = NO;
				ENABLE_STRICT_OBJC_MSGSEND = YES;
				GCC_C_LANGUAGE_STANDARD = gnu11;
				GCC_NO_COMMON_BLOCKS = YES;
				GCC_WARN_64_TO_32_BIT_CONVERSION = YES;
				GCC_WARN_ABOUT_RETURN_TYPE = YES_ERROR;
				GCC_WARN_UNDECLARED_SELECTOR = YES;
				GCC_WARN_UNINITIALIZED_AUTOS = YES_AGGRESSIVE;
				GCC_WARN_UNUSED_FUNCTION = YES;
				GCC_WARN_UNUSED_VARIABLE = YES;
				IPHONEOS_DEPLOYMENT_TARGET = 14.0;
				MTL_ENABLE_DEBUG_INFO = NO;
				MTL_FAST_MATH = YES;
				SDKROOT = iphoneos;
				SWIFT_COMPILATION_MODE = wholemodule;
				SWIFT_OPTIMIZATION_LEVEL = "-O";
				VALIDATE_PRODUCT = YES;
			};
			name = Release;
		};
		CDAE912D29A3996D002F2452 /* Debug */ = {
			isa = XCBuildConfiguration;
			baseConfigurationReference = 00F4F730291D26FBAA1A10DC /* Pods-ChatApp.debug.xcconfig */;
			buildSettings = {
				ASSETCATALOG_COMPILER_APPICON_NAME = AppIcon;
				ASSETCATALOG_COMPILER_GLOBAL_ACCENT_COLOR_NAME = AccentColor;
				CODE_SIGN_STYLE = Automatic;
				CURRENT_PROJECT_VERSION = 1;
				DEVELOPMENT_TEAM = 5L2PK7Z938;
				GENERATE_INFOPLIST_FILE = YES;
				INFOPLIST_FILE = ChatApp/Info.plist;
				INFOPLIST_KEY_NSCameraUsageDescription = "This app wants to take pictures.";
				INFOPLIST_KEY_NSPhotoLibraryUsageDescription = "This app wants to use your photos.";
				INFOPLIST_KEY_UIApplicationSupportsIndirectInputEvents = YES;
				INFOPLIST_KEY_UILaunchStoryboardName = LaunchScreen;
				INFOPLIST_KEY_UIMainStoryboardFile = Main;
				INFOPLIST_KEY_UISupportedInterfaceOrientations = UIInterfaceOrientationPortrait;
				INFOPLIST_KEY_UISupportedInterfaceOrientations_iPad = "UIInterfaceOrientationLandscapeLeft UIInterfaceOrientationLandscapeRight UIInterfaceOrientationPortrait UIInterfaceOrientationPortraitUpsideDown";
				IPHONEOS_DEPLOYMENT_TARGET = 14.0;
				LD_RUNPATH_SEARCH_PATHS = (
					"$(inherited)",
					"@executable_path/Frameworks",
				);
				MARKETING_VERSION = 1.0;
				PRODUCT_BUNDLE_IDENTIFIER = com.panda.ChatApp;
				PRODUCT_NAME = "$(TARGET_NAME)";
				SUPPORTED_PLATFORMS = "iphoneos iphonesimulator";
				SUPPORTS_MACCATALYST = NO;
				SUPPORTS_MAC_DESIGNED_FOR_IPHONE_IPAD = YES;
				SWIFT_EMIT_LOC_STRINGS = YES;
				SWIFT_VERSION = 5.0;
				TARGETED_DEVICE_FAMILY = 1;
			};
			name = Debug;
		};
		CDAE912E29A3996D002F2452 /* Release */ = {
			isa = XCBuildConfiguration;
			baseConfigurationReference = 4E8643E316DAC2F916B9DA3D /* Pods-ChatApp.release.xcconfig */;
			buildSettings = {
				ASSETCATALOG_COMPILER_APPICON_NAME = AppIcon;
				ASSETCATALOG_COMPILER_GLOBAL_ACCENT_COLOR_NAME = AccentColor;
				CODE_SIGN_STYLE = Automatic;
				CURRENT_PROJECT_VERSION = 1;
				DEVELOPMENT_TEAM = 5L2PK7Z938;
				GENERATE_INFOPLIST_FILE = YES;
				INFOPLIST_FILE = ChatApp/Info.plist;
				INFOPLIST_KEY_NSCameraUsageDescription = "This app wants to take pictures.";
				INFOPLIST_KEY_NSPhotoLibraryUsageDescription = "This app wants to use your photos.";
				INFOPLIST_KEY_UIApplicationSupportsIndirectInputEvents = YES;
				INFOPLIST_KEY_UILaunchStoryboardName = LaunchScreen;
				INFOPLIST_KEY_UIMainStoryboardFile = Main;
				INFOPLIST_KEY_UISupportedInterfaceOrientations = UIInterfaceOrientationPortrait;
				INFOPLIST_KEY_UISupportedInterfaceOrientations_iPad = "UIInterfaceOrientationLandscapeLeft UIInterfaceOrientationLandscapeRight UIInterfaceOrientationPortrait UIInterfaceOrientationPortraitUpsideDown";
				IPHONEOS_DEPLOYMENT_TARGET = 14.0;
				LD_RUNPATH_SEARCH_PATHS = (
					"$(inherited)",
					"@executable_path/Frameworks",
				);
				MARKETING_VERSION = 1.0;
				PRODUCT_BUNDLE_IDENTIFIER = com.panda.ChatApp;
				PRODUCT_NAME = "$(TARGET_NAME)";
				SUPPORTED_PLATFORMS = "iphoneos iphonesimulator";
				SUPPORTS_MACCATALYST = NO;
				SUPPORTS_MAC_DESIGNED_FOR_IPHONE_IPAD = YES;
				SWIFT_EMIT_LOC_STRINGS = YES;
				SWIFT_VERSION = 5.0;
				TARGETED_DEVICE_FAMILY = 1;
			};
			name = Release;
		};
		CDC3D43D2A0D8970001C0FFA /* Debug */ = {
			isa = XCBuildConfiguration;
			buildSettings = {
				CLANG_ENABLE_MODULES = YES;
				CODE_SIGN_STYLE = Automatic;
				CURRENT_PROJECT_VERSION = 1;
				DEVELOPMENT_TEAM = 5L2PK7Z938;
				GENERATE_INFOPLIST_FILE = YES;
				IPHONEOS_DEPLOYMENT_TARGET = 16.0;
				LD_RUNPATH_SEARCH_PATHS = (
					"$(inherited)",
					"@executable_path/Frameworks",
					"@loader_path/Frameworks",
				);
				MARKETING_VERSION = 1.0;
				PRODUCT_BUNDLE_IDENTIFIER = com.panda.ChatAppUITests;
				PRODUCT_NAME = "$(TARGET_NAME)";
				SWIFT_EMIT_LOC_STRINGS = NO;
				SWIFT_OPTIMIZATION_LEVEL = "-Onone";
				SWIFT_VERSION = 5.0;
				TARGETED_DEVICE_FAMILY = "1,2";
				TEST_TARGET_NAME = ChatApp;
			};
			name = Debug;
		};
		CDC3D43E2A0D8970001C0FFA /* Release */ = {
			isa = XCBuildConfiguration;
			buildSettings = {
				CLANG_ENABLE_MODULES = YES;
				CODE_SIGN_STYLE = Automatic;
				CURRENT_PROJECT_VERSION = 1;
				DEVELOPMENT_TEAM = 5L2PK7Z938;
				GENERATE_INFOPLIST_FILE = YES;
				IPHONEOS_DEPLOYMENT_TARGET = 16.0;
				LD_RUNPATH_SEARCH_PATHS = (
					"$(inherited)",
					"@executable_path/Frameworks",
					"@loader_path/Frameworks",
				);
				MARKETING_VERSION = 1.0;
				PRODUCT_BUNDLE_IDENTIFIER = com.panda.ChatAppUITests;
				PRODUCT_NAME = "$(TARGET_NAME)";
				SWIFT_EMIT_LOC_STRINGS = NO;
				SWIFT_VERSION = 5.0;
				TARGETED_DEVICE_FAMILY = "1,2";
				TEST_TARGET_NAME = ChatApp;
			};
			name = Release;
		};
/* End XCBuildConfiguration section */

/* Begin XCConfigurationList section */
		CD7915572A0BC58400CD0E0E /* Build configuration list for PBXNativeTarget "ChatAppUnitTests" */ = {
			isa = XCConfigurationList;
			buildConfigurations = (
				CD7915552A0BC58400CD0E0E /* Debug */,
				CD7915562A0BC58400CD0E0E /* Release */,
			);
			defaultConfigurationIsVisible = 0;
			defaultConfigurationName = Release;
		};
		CDAE911329A3996C002F2452 /* Build configuration list for PBXProject "ChatApp" */ = {
			isa = XCConfigurationList;
			buildConfigurations = (
				CDAE912A29A3996D002F2452 /* Debug */,
				CDAE912B29A3996D002F2452 /* Release */,
			);
			defaultConfigurationIsVisible = 0;
			defaultConfigurationName = Release;
		};
		CDAE912C29A3996D002F2452 /* Build configuration list for PBXNativeTarget "ChatApp" */ = {
			isa = XCConfigurationList;
			buildConfigurations = (
				CDAE912D29A3996D002F2452 /* Debug */,
				CDAE912E29A3996D002F2452 /* Release */,
			);
			defaultConfigurationIsVisible = 0;
			defaultConfigurationName = Release;
		};
		CDC3D43C2A0D8970001C0FFA /* Build configuration list for PBXNativeTarget "ChatAppUITests" */ = {
			isa = XCConfigurationList;
			buildConfigurations = (
				CDC3D43D2A0D8970001C0FFA /* Debug */,
				CDC3D43E2A0D8970001C0FFA /* Release */,
			);
			defaultConfigurationIsVisible = 0;
			defaultConfigurationName = Release;
		};
/* End XCConfigurationList section */

/* Begin XCVersionGroup section */
		CD88C0D529E8917500F2BC56 /* ChannelsDataModel.xcdatamodeld */ = {
			isa = XCVersionGroup;
			children = (
				CD88C0D629E8917500F2BC56 /* ChannelsDataModel.xcdatamodel */,
			);
			currentVersion = CD88C0D629E8917500F2BC56 /* ChannelsDataModel.xcdatamodel */;
			path = ChannelsDataModel.xcdatamodeld;
			sourceTree = "<group>";
			versionGroupType = wrapper.xcdatamodel;
		};
/* End XCVersionGroup section */
	};
	rootObject = CDAE911029A3996C002F2452 /* Project object */;
}
